
Microsoft Visual Studio Solution File, Format Version 12.00
# Visual Studio 14
VisualStudioVersion = 14.0.25420.1
MinimumVisualStudioVersion = 10.0.40219.1
Project("{2150E333-8FDC-42A3-9474-1A3956D46DE8}") = ".nuget", ".nuget", "{4B476B29-26E4-4340-BDAA-42F24796CA49}"
	ProjectSection(SolutionItems) = preProject
		.nuget\NuGet.Config = .nuget\NuGet.Config
		.nuget\NuGet.exe = .nuget\NuGet.exe
		.nuget\NuGet.targets = .nuget\NuGet.targets
	EndProjectSection
EndProject
Project("{FAE04EC0-301F-11D3-BF4B-00C04F79EFBC}") = "ShiftReportApi", "ShiftreportsAPI_prod\ShiftReportApi.csproj", "{B9DEDA63-497F-4000-A86A-1E4E20D36162}"
EndProject
Project("{FAE04EC0-301F-11D3-BF4B-00C04F79EFBC}") = "Emailnotification", "Emailnotification\Emailnotification.csproj", "{E08081D5-D004-4D61-A452-24C291393671}"
EndProject
Project("{FAE04EC0-301F-11D3-BF4B-00C04F79EFBC}") = "Campain_emails", "Campain_emails\Campain_emails.csproj", "{9819C2BC-28AF-4568-A83B-96BD01C2C90A}"
EndProject
Project("{E24C65DC-7377-472B-9ABA-BC803B73C61A}") = "Business", "Business", "{5826B0E2-FE8A-4734-9CDD-67302B8DCB72}"
	ProjectSection(WebsiteProperties) = preProject
		SccProjectName = "SAK"
		SccAuxPath = "SAK"
		SccLocalPath = "SAK"
		SccProvider = "SAK"
		TargetFrameworkMoniker = ".NETFramework,Version%3Dv4.5.2"
		Debug.AspNetCompiler.VirtualPath = "/localhost_63019"
		Debug.AspNetCompiler.PhysicalPath = "Business\"
		Debug.AspNetCompiler.TargetPath = "PrecompiledWeb\localhost_63019\"
		Debug.AspNetCompiler.Updateable = "true"
		Debug.AspNetCompiler.ForceOverwrite = "true"
		Debug.AspNetCompiler.FixedNames = "false"
		Debug.AspNetCompiler.Debug = "True"
		Release.AspNetCompiler.VirtualPath = "/localhost_63019"
		Release.AspNetCompiler.PhysicalPath = "Business\"
		Release.AspNetCompiler.TargetPath = "PrecompiledWeb\localhost_63019\"
		Release.AspNetCompiler.Updateable = "true"
		Release.AspNetCompiler.ForceOverwrite = "true"
		Release.AspNetCompiler.FixedNames = "false"
		Release.AspNetCompiler.Debug = "False"
		VWDPort = "63019"
		SlnRelativePath = "Business\"
	EndProjectSection
EndProject
Project("{FAE04EC0-301F-11D3-BF4B-00C04F79EFBC}") = "ShiftreportTools", "ShiftreportTools\ShiftreportTools.csproj", "{5BB13595-512C-44BD-B058-43C79E5F34BB}"
EndProject
Project("{FAE04EC0-301F-11D3-BF4B-00C04F79EFBC}") = "ShiftreportsS3Storage", "ShiftreportsS3Storage\ShiftreportsS3Storage.csproj", "{D7100FF3-40D9-4B4D-8C45-96643B7B8156}"
EndProject
Project("{FAE04EC0-301F-11D3-BF4B-00C04F79EFBC}") = "ShiftreportsEmpolees", "ShiftreportsEmpolees\ShiftreportsEmpolees.csproj", "{CC0DAF20-EA58-4638-8BB9-91C31D0AF296}"
EndProject
Project("{FAE04EC0-301F-11D3-BF4B-00C04F79EFBC}") = "ShiftreportsEmpolyeeDashboatdV1.0", "ShiftreportsEmpolyeeDashboatdV1.0\ShiftreportsEmpolyeeDashboatdV1.0.csproj", "{4043B1F0-62D6-44FF-A844-0C43586C2A59}"
EndProject
Project("{FAE04EC0-301F-11D3-BF4B-00C04F79EFBC}") = "ShiftreportLib", "ShiftreportLib\ShiftreportLib.csproj", "{0A7C711F-B383-4351-84E9-3CB9B2835489}"
EndProject
Project("{FAE04EC0-301F-11D3-BF4B-00C04F79EFBC}") = "DwollaLib", "DwollaLib\DwollaLib.csproj", "{39475F0A-296B-42F0-ACA2-52C9E9605BF7}"
EndProject
Project("{FAE04EC0-301F-11D3-BF4B-00C04F79EFBC}") = "VenuCashBE", "..\VenuCashBE\VenuCashBE.csproj", "{225BBE36-8E07-43F3-8CC2-46789122401F}"
EndProject
Project("{FAE04EC0-301F-11D3-BF4B-00C04F79EFBC}") = "SRYelpAPI", "SRYelpAPI\SRYelpAPI.csproj", "{EA018B5C-45AE-46D3-8B05-B689B927CAB3}"
EndProject
Global
	GlobalSection(SolutionConfigurationPlatforms) = preSolution
		Debug|Android = Debug|Android
		Debug|Any CPU = Debug|Any CPU
		Debug|iOS = Debug|iOS
		Debug|Mixed Platforms = Debug|Mixed Platforms
		Debug|Windows Phone (Universal) = Debug|Windows Phone (Universal)
		Debug|Windows Phone 8 = Debug|Windows Phone 8
		Debug|Windows-AnyCPU = Debug|Windows-AnyCPU
		Debug|Windows-ARM = Debug|Windows-ARM
		Debug|Windows-x64 = Debug|Windows-x64
		Debug|Windows-x86 = Debug|Windows-x86
		Debug|x86 = Debug|x86
		Distribution|Android = Distribution|Android
		Distribution|Any CPU = Distribution|Any CPU
		Distribution|iOS = Distribution|iOS
		Distribution|Mixed Platforms = Distribution|Mixed Platforms
		Distribution|Windows Phone (Universal) = Distribution|Windows Phone (Universal)
		Distribution|Windows Phone 8 = Distribution|Windows Phone 8
		Distribution|Windows-AnyCPU = Distribution|Windows-AnyCPU
		Distribution|Windows-ARM = Distribution|Windows-ARM
		Distribution|Windows-x64 = Distribution|Windows-x64
		Distribution|Windows-x86 = Distribution|Windows-x86
		Distribution|x86 = Distribution|x86
		Release|Android = Release|Android
		Release|Any CPU = Release|Any CPU
		Release|iOS = Release|iOS
		Release|Mixed Platforms = Release|Mixed Platforms
		Release|Windows Phone (Universal) = Release|Windows Phone (Universal)
		Release|Windows Phone 8 = Release|Windows Phone 8
		Release|Windows-AnyCPU = Release|Windows-AnyCPU
		Release|Windows-ARM = Release|Windows-ARM
		Release|Windows-x64 = Release|Windows-x64
		Release|Windows-x86 = Release|Windows-x86
		Release|x86 = Release|x86
	EndGlobalSection
	GlobalSection(ProjectConfigurationPlatforms) = postSolution
		{B9DEDA63-497F-4000-A86A-1E4E20D36162}.Debug|Android.ActiveCfg = Debug|Any CPU
		{B9DEDA63-497F-4000-A86A-1E4E20D36162}.Debug|Any CPU.ActiveCfg = Debug|Any CPU
		{B9DEDA63-497F-4000-A86A-1E4E20D36162}.Debug|Any CPU.Build.0 = Debug|Any CPU
		{B9DEDA63-497F-4000-A86A-1E4E20D36162}.Debug|iOS.ActiveCfg = Debug|Any CPU
		{B9DEDA63-497F-4000-A86A-1E4E20D36162}.Debug|Mixed Platforms.ActiveCfg = Debug|Any CPU
		{B9DEDA63-497F-4000-A86A-1E4E20D36162}.Debug|Mixed Platforms.Build.0 = Debug|Any CPU
		{B9DEDA63-497F-4000-A86A-1E4E20D36162}.Debug|Windows Phone (Universal).ActiveCfg = Debug|Any CPU
		{B9DEDA63-497F-4000-A86A-1E4E20D36162}.Debug|Windows Phone 8.ActiveCfg = Debug|Any CPU
		{B9DEDA63-497F-4000-A86A-1E4E20D36162}.Debug|Windows-AnyCPU.ActiveCfg = Debug|Any CPU
		{B9DEDA63-497F-4000-A86A-1E4E20D36162}.Debug|Windows-ARM.ActiveCfg = Debug|Any CPU
		{B9DEDA63-497F-4000-A86A-1E4E20D36162}.Debug|Windows-x64.ActiveCfg = Debug|Any CPU
		{B9DEDA63-497F-4000-A86A-1E4E20D36162}.Debug|Windows-x86.ActiveCfg = Debug|Any CPU
		{B9DEDA63-497F-4000-A86A-1E4E20D36162}.Debug|x86.ActiveCfg = Debug|Any CPU
		{B9DEDA63-497F-4000-A86A-1E4E20D36162}.Debug|x86.Build.0 = Debug|Any CPU
		{B9DEDA63-497F-4000-A86A-1E4E20D36162}.Distribution|Android.ActiveCfg = Debug|Any CPU
		{B9DEDA63-497F-4000-A86A-1E4E20D36162}.Distribution|Any CPU.ActiveCfg = Debug|Any CPU
		{B9DEDA63-497F-4000-A86A-1E4E20D36162}.Distribution|Any CPU.Build.0 = Debug|Any CPU
		{B9DEDA63-497F-4000-A86A-1E4E20D36162}.Distribution|iOS.ActiveCfg = Debug|Any CPU
		{B9DEDA63-497F-4000-A86A-1E4E20D36162}.Distribution|Mixed Platforms.ActiveCfg = Debug|Any CPU
		{B9DEDA63-497F-4000-A86A-1E4E20D36162}.Distribution|Mixed Platforms.Build.0 = Debug|Any CPU
		{B9DEDA63-497F-4000-A86A-1E4E20D36162}.Distribution|Windows Phone (Universal).ActiveCfg = Debug|Any CPU
		{B9DEDA63-497F-4000-A86A-1E4E20D36162}.Distribution|Windows Phone 8.ActiveCfg = Debug|Any CPU
		{B9DEDA63-497F-4000-A86A-1E4E20D36162}.Distribution|Windows-AnyCPU.ActiveCfg = Debug|Any CPU
		{B9DEDA63-497F-4000-A86A-1E4E20D36162}.Distribution|Windows-ARM.ActiveCfg = Debug|Any CPU
		{B9DEDA63-497F-4000-A86A-1E4E20D36162}.Distribution|Windows-x64.ActiveCfg = Debug|Any CPU
		{B9DEDA63-497F-4000-A86A-1E4E20D36162}.Distribution|Windows-x86.ActiveCfg = Debug|Any CPU
		{B9DEDA63-497F-4000-A86A-1E4E20D36162}.Distribution|x86.ActiveCfg = Debug|Any CPU
		{B9DEDA63-497F-4000-A86A-1E4E20D36162}.Distribution|x86.Build.0 = Debug|Any CPU
		{B9DEDA63-497F-4000-A86A-1E4E20D36162}.Release|Android.ActiveCfg = Release|Any CPU
		{B9DEDA63-497F-4000-A86A-1E4E20D36162}.Release|Any CPU.ActiveCfg = Release|Any CPU
		{B9DEDA63-497F-4000-A86A-1E4E20D36162}.Release|Any CPU.Build.0 = Release|Any CPU
		{B9DEDA63-497F-4000-A86A-1E4E20D36162}.Release|iOS.ActiveCfg = Release|Any CPU
		{B9DEDA63-497F-4000-A86A-1E4E20D36162}.Release|Mixed Platforms.ActiveCfg = Release|Any CPU
		{B9DEDA63-497F-4000-A86A-1E4E20D36162}.Release|Mixed Platforms.Build.0 = Release|Any CPU
		{B9DEDA63-497F-4000-A86A-1E4E20D36162}.Release|Windows Phone (Universal).ActiveCfg = Release|Any CPU
		{B9DEDA63-497F-4000-A86A-1E4E20D36162}.Release|Windows Phone 8.ActiveCfg = Release|Any CPU
		{B9DEDA63-497F-4000-A86A-1E4E20D36162}.Release|Windows-AnyCPU.ActiveCfg = Release|Any CPU
		{B9DEDA63-497F-4000-A86A-1E4E20D36162}.Release|Windows-ARM.ActiveCfg = Release|Any CPU
		{B9DEDA63-497F-4000-A86A-1E4E20D36162}.Release|Windows-x64.ActiveCfg = Release|Any CPU
		{B9DEDA63-497F-4000-A86A-1E4E20D36162}.Release|Windows-x86.ActiveCfg = Release|Any CPU
		{B9DEDA63-497F-4000-A86A-1E4E20D36162}.Release|x86.ActiveCfg = Release|Any CPU
		{B9DEDA63-497F-4000-A86A-1E4E20D36162}.Release|x86.Build.0 = Release|Any CPU
		{E08081D5-D004-4D61-A452-24C291393671}.Debug|Android.ActiveCfg = Debug|Any CPU
		{E08081D5-D004-4D61-A452-24C291393671}.Debug|Android.Build.0 = Debug|Any CPU
		{E08081D5-D004-4D61-A452-24C291393671}.Debug|Any CPU.ActiveCfg = Debug|Any CPU
		{E08081D5-D004-4D61-A452-24C291393671}.Debug|Any CPU.Build.0 = Debug|Any CPU
		{E08081D5-D004-4D61-A452-24C291393671}.Debug|iOS.ActiveCfg = Debug|Any CPU
		{E08081D5-D004-4D61-A452-24C291393671}.Debug|iOS.Build.0 = Debug|Any CPU
		{E08081D5-D004-4D61-A452-24C291393671}.Debug|Mixed Platforms.ActiveCfg = Debug|Any CPU
		{E08081D5-D004-4D61-A452-24C291393671}.Debug|Mixed Platforms.Build.0 = Debug|Any CPU
		{E08081D5-D004-4D61-A452-24C291393671}.Debug|Windows Phone (Universal).ActiveCfg = Debug|Any CPU
		{E08081D5-D004-4D61-A452-24C291393671}.Debug|Windows Phone (Universal).Build.0 = Debug|Any CPU
		{E08081D5-D004-4D61-A452-24C291393671}.Debug|Windows Phone 8.ActiveCfg = Debug|Any CPU
		{E08081D5-D004-4D61-A452-24C291393671}.Debug|Windows Phone 8.Build.0 = Debug|Any CPU
		{E08081D5-D004-4D61-A452-24C291393671}.Debug|Windows-AnyCPU.ActiveCfg = Debug|Any CPU
		{E08081D5-D004-4D61-A452-24C291393671}.Debug|Windows-AnyCPU.Build.0 = Debug|Any CPU
		{E08081D5-D004-4D61-A452-24C291393671}.Debug|Windows-ARM.ActiveCfg = Debug|Any CPU
		{E08081D5-D004-4D61-A452-24C291393671}.Debug|Windows-ARM.Build.0 = Debug|Any CPU
		{E08081D5-D004-4D61-A452-24C291393671}.Debug|Windows-x64.ActiveCfg = Debug|Any CPU
		{E08081D5-D004-4D61-A452-24C291393671}.Debug|Windows-x64.Build.0 = Debug|Any CPU
		{E08081D5-D004-4D61-A452-24C291393671}.Debug|Windows-x86.ActiveCfg = Debug|Any CPU
		{E08081D5-D004-4D61-A452-24C291393671}.Debug|Windows-x86.Build.0 = Debug|Any CPU
		{E08081D5-D004-4D61-A452-24C291393671}.Debug|x86.ActiveCfg = Debug|Any CPU
		{E08081D5-D004-4D61-A452-24C291393671}.Debug|x86.Build.0 = Debug|Any CPU
		{E08081D5-D004-4D61-A452-24C291393671}.Distribution|Android.ActiveCfg = Debug|Any CPU
		{E08081D5-D004-4D61-A452-24C291393671}.Distribution|Android.Build.0 = Debug|Any CPU
		{E08081D5-D004-4D61-A452-24C291393671}.Distribution|Any CPU.ActiveCfg = Debug|Any CPU
		{E08081D5-D004-4D61-A452-24C291393671}.Distribution|Any CPU.Build.0 = Debug|Any CPU
		{E08081D5-D004-4D61-A452-24C291393671}.Distribution|iOS.ActiveCfg = Debug|Any CPU
		{E08081D5-D004-4D61-A452-24C291393671}.Distribution|iOS.Build.0 = Debug|Any CPU
		{E08081D5-D004-4D61-A452-24C291393671}.Distribution|Mixed Platforms.ActiveCfg = Debug|Any CPU
		{E08081D5-D004-4D61-A452-24C291393671}.Distribution|Mixed Platforms.Build.0 = Debug|Any CPU
		{E08081D5-D004-4D61-A452-24C291393671}.Distribution|Windows Phone (Universal).ActiveCfg = Debug|Any CPU
		{E08081D5-D004-4D61-A452-24C291393671}.Distribution|Windows Phone (Universal).Build.0 = Debug|Any CPU
		{E08081D5-D004-4D61-A452-24C291393671}.Distribution|Windows Phone 8.ActiveCfg = Debug|Any CPU
		{E08081D5-D004-4D61-A452-24C291393671}.Distribution|Windows Phone 8.Build.0 = Debug|Any CPU
		{E08081D5-D004-4D61-A452-24C291393671}.Distribution|Windows-AnyCPU.ActiveCfg = Debug|Any CPU
		{E08081D5-D004-4D61-A452-24C291393671}.Distribution|Windows-AnyCPU.Build.0 = Debug|Any CPU
		{E08081D5-D004-4D61-A452-24C291393671}.Distribution|Windows-ARM.ActiveCfg = Debug|Any CPU
		{E08081D5-D004-4D61-A452-24C291393671}.Distribution|Windows-ARM.Build.0 = Debug|Any CPU
		{E08081D5-D004-4D61-A452-24C291393671}.Distribution|Windows-x64.ActiveCfg = Debug|Any CPU
		{E08081D5-D004-4D61-A452-24C291393671}.Distribution|Windows-x64.Build.0 = Debug|Any CPU
		{E08081D5-D004-4D61-A452-24C291393671}.Distribution|Windows-x86.ActiveCfg = Debug|Any CPU
		{E08081D5-D004-4D61-A452-24C291393671}.Distribution|Windows-x86.Build.0 = Debug|Any CPU
		{E08081D5-D004-4D61-A452-24C291393671}.Distribution|x86.ActiveCfg = Debug|Any CPU
		{E08081D5-D004-4D61-A452-24C291393671}.Distribution|x86.Build.0 = Debug|Any CPU
		{E08081D5-D004-4D61-A452-24C291393671}.Release|Android.ActiveCfg = Release|Any CPU
		{E08081D5-D004-4D61-A452-24C291393671}.Release|Android.Build.0 = Release|Any CPU
		{E08081D5-D004-4D61-A452-24C291393671}.Release|Any CPU.ActiveCfg = Release|Any CPU
		{E08081D5-D004-4D61-A452-24C291393671}.Release|Any CPU.Build.0 = Release|Any CPU
		{E08081D5-D004-4D61-A452-24C291393671}.Release|iOS.ActiveCfg = Release|Any CPU
		{E08081D5-D004-4D61-A452-24C291393671}.Release|iOS.Build.0 = Release|Any CPU
		{E08081D5-D004-4D61-A452-24C291393671}.Release|Mixed Platforms.ActiveCfg = Release|Any CPU
		{E08081D5-D004-4D61-A452-24C291393671}.Release|Mixed Platforms.Build.0 = Release|Any CPU
		{E08081D5-D004-4D61-A452-24C291393671}.Release|Windows Phone (Universal).ActiveCfg = Release|Any CPU
		{E08081D5-D004-4D61-A452-24C291393671}.Release|Windows Phone (Universal).Build.0 = Release|Any CPU
		{E08081D5-D004-4D61-A452-24C291393671}.Release|Windows Phone 8.ActiveCfg = Release|Any CPU
		{E08081D5-D004-4D61-A452-24C291393671}.Release|Windows Phone 8.Build.0 = Release|Any CPU
		{E08081D5-D004-4D61-A452-24C291393671}.Release|Windows-AnyCPU.ActiveCfg = Release|Any CPU
		{E08081D5-D004-4D61-A452-24C291393671}.Release|Windows-AnyCPU.Build.0 = Release|Any CPU
		{E08081D5-D004-4D61-A452-24C291393671}.Release|Windows-ARM.ActiveCfg = Release|Any CPU
		{E08081D5-D004-4D61-A452-24C291393671}.Release|Windows-ARM.Build.0 = Release|Any CPU
		{E08081D5-D004-4D61-A452-24C291393671}.Release|Windows-x64.ActiveCfg = Release|Any CPU
		{E08081D5-D004-4D61-A452-24C291393671}.Release|Windows-x64.Build.0 = Release|Any CPU
		{E08081D5-D004-4D61-A452-24C291393671}.Release|Windows-x86.ActiveCfg = Release|Any CPU
		{E08081D5-D004-4D61-A452-24C291393671}.Release|Windows-x86.Build.0 = Release|Any CPU
		{E08081D5-D004-4D61-A452-24C291393671}.Release|x86.ActiveCfg = Release|Any CPU
		{E08081D5-D004-4D61-A452-24C291393671}.Release|x86.Build.0 = Release|Any CPU
		{9819C2BC-28AF-4568-A83B-96BD01C2C90A}.Debug|Android.ActiveCfg = Debug|Any CPU
		{9819C2BC-28AF-4568-A83B-96BD01C2C90A}.Debug|Android.Build.0 = Debug|Any CPU
		{9819C2BC-28AF-4568-A83B-96BD01C2C90A}.Debug|Any CPU.ActiveCfg = Debug|Any CPU
		{9819C2BC-28AF-4568-A83B-96BD01C2C90A}.Debug|Any CPU.Build.0 = Debug|Any CPU
		{9819C2BC-28AF-4568-A83B-96BD01C2C90A}.Debug|iOS.ActiveCfg = Debug|Any CPU
		{9819C2BC-28AF-4568-A83B-96BD01C2C90A}.Debug|iOS.Build.0 = Debug|Any CPU
		{9819C2BC-28AF-4568-A83B-96BD01C2C90A}.Debug|Mixed Platforms.ActiveCfg = Debug|Any CPU
		{9819C2BC-28AF-4568-A83B-96BD01C2C90A}.Debug|Mixed Platforms.Build.0 = Debug|Any CPU
		{9819C2BC-28AF-4568-A83B-96BD01C2C90A}.Debug|Windows Phone (Universal).ActiveCfg = Debug|Any CPU
		{9819C2BC-28AF-4568-A83B-96BD01C2C90A}.Debug|Windows Phone (Universal).Build.0 = Debug|Any CPU
		{9819C2BC-28AF-4568-A83B-96BD01C2C90A}.Debug|Windows Phone 8.ActiveCfg = Debug|Any CPU
		{9819C2BC-28AF-4568-A83B-96BD01C2C90A}.Debug|Windows Phone 8.Build.0 = Debug|Any CPU
		{9819C2BC-28AF-4568-A83B-96BD01C2C90A}.Debug|Windows-AnyCPU.ActiveCfg = Debug|Any CPU
		{9819C2BC-28AF-4568-A83B-96BD01C2C90A}.Debug|Windows-AnyCPU.Build.0 = Debug|Any CPU
		{9819C2BC-28AF-4568-A83B-96BD01C2C90A}.Debug|Windows-ARM.ActiveCfg = Debug|Any CPU
		{9819C2BC-28AF-4568-A83B-96BD01C2C90A}.Debug|Windows-ARM.Build.0 = Debug|Any CPU
		{9819C2BC-28AF-4568-A83B-96BD01C2C90A}.Debug|Windows-x64.ActiveCfg = Debug|Any CPU
		{9819C2BC-28AF-4568-A83B-96BD01C2C90A}.Debug|Windows-x64.Build.0 = Debug|Any CPU
		{9819C2BC-28AF-4568-A83B-96BD01C2C90A}.Debug|Windows-x86.ActiveCfg = Debug|Any CPU
		{9819C2BC-28AF-4568-A83B-96BD01C2C90A}.Debug|Windows-x86.Build.0 = Debug|Any CPU
		{9819C2BC-28AF-4568-A83B-96BD01C2C90A}.Debug|x86.ActiveCfg = Debug|Any CPU
		{9819C2BC-28AF-4568-A83B-96BD01C2C90A}.Debug|x86.Build.0 = Debug|Any CPU
		{9819C2BC-28AF-4568-A83B-96BD01C2C90A}.Distribution|Android.ActiveCfg = Debug|Any CPU
		{9819C2BC-28AF-4568-A83B-96BD01C2C90A}.Distribution|Android.Build.0 = Debug|Any CPU
		{9819C2BC-28AF-4568-A83B-96BD01C2C90A}.Distribution|Any CPU.ActiveCfg = Debug|Any CPU
		{9819C2BC-28AF-4568-A83B-96BD01C2C90A}.Distribution|Any CPU.Build.0 = Debug|Any CPU
		{9819C2BC-28AF-4568-A83B-96BD01C2C90A}.Distribution|iOS.ActiveCfg = Debug|Any CPU
		{9819C2BC-28AF-4568-A83B-96BD01C2C90A}.Distribution|iOS.Build.0 = Debug|Any CPU
		{9819C2BC-28AF-4568-A83B-96BD01C2C90A}.Distribution|Mixed Platforms.ActiveCfg = Debug|Any CPU
		{9819C2BC-28AF-4568-A83B-96BD01C2C90A}.Distribution|Mixed Platforms.Build.0 = Debug|Any CPU
		{9819C2BC-28AF-4568-A83B-96BD01C2C90A}.Distribution|Windows Phone (Universal).ActiveCfg = Debug|Any CPU
		{9819C2BC-28AF-4568-A83B-96BD01C2C90A}.Distribution|Windows Phone (Universal).Build.0 = Debug|Any CPU
		{9819C2BC-28AF-4568-A83B-96BD01C2C90A}.Distribution|Windows Phone 8.ActiveCfg = Debug|Any CPU
		{9819C2BC-28AF-4568-A83B-96BD01C2C90A}.Distribution|Windows Phone 8.Build.0 = Debug|Any CPU
		{9819C2BC-28AF-4568-A83B-96BD01C2C90A}.Distribution|Windows-AnyCPU.ActiveCfg = Debug|Any CPU
		{9819C2BC-28AF-4568-A83B-96BD01C2C90A}.Distribution|Windows-AnyCPU.Build.0 = Debug|Any CPU
		{9819C2BC-28AF-4568-A83B-96BD01C2C90A}.Distribution|Windows-ARM.ActiveCfg = Debug|Any CPU
		{9819C2BC-28AF-4568-A83B-96BD01C2C90A}.Distribution|Windows-ARM.Build.0 = Debug|Any CPU
		{9819C2BC-28AF-4568-A83B-96BD01C2C90A}.Distribution|Windows-x64.ActiveCfg = Debug|Any CPU
		{9819C2BC-28AF-4568-A83B-96BD01C2C90A}.Distribution|Windows-x64.Build.0 = Debug|Any CPU
		{9819C2BC-28AF-4568-A83B-96BD01C2C90A}.Distribution|Windows-x86.ActiveCfg = Debug|Any CPU
		{9819C2BC-28AF-4568-A83B-96BD01C2C90A}.Distribution|Windows-x86.Build.0 = Debug|Any CPU
		{9819C2BC-28AF-4568-A83B-96BD01C2C90A}.Distribution|x86.ActiveCfg = Debug|Any CPU
		{9819C2BC-28AF-4568-A83B-96BD01C2C90A}.Distribution|x86.Build.0 = Debug|Any CPU
		{9819C2BC-28AF-4568-A83B-96BD01C2C90A}.Release|Android.ActiveCfg = Release|Any CPU
		{9819C2BC-28AF-4568-A83B-96BD01C2C90A}.Release|Android.Build.0 = Release|Any CPU
		{9819C2BC-28AF-4568-A83B-96BD01C2C90A}.Release|Any CPU.ActiveCfg = Release|Any CPU
		{9819C2BC-28AF-4568-A83B-96BD01C2C90A}.Release|Any CPU.Build.0 = Release|Any CPU
		{9819C2BC-28AF-4568-A83B-96BD01C2C90A}.Release|iOS.ActiveCfg = Release|Any CPU
		{9819C2BC-28AF-4568-A83B-96BD01C2C90A}.Release|iOS.Build.0 = Release|Any CPU
		{9819C2BC-28AF-4568-A83B-96BD01C2C90A}.Release|Mixed Platforms.ActiveCfg = Release|Any CPU
		{9819C2BC-28AF-4568-A83B-96BD01C2C90A}.Release|Mixed Platforms.Build.0 = Release|Any CPU
		{9819C2BC-28AF-4568-A83B-96BD01C2C90A}.Release|Windows Phone (Universal).ActiveCfg = Release|Any CPU
		{9819C2BC-28AF-4568-A83B-96BD01C2C90A}.Release|Windows Phone (Universal).Build.0 = Release|Any CPU
		{9819C2BC-28AF-4568-A83B-96BD01C2C90A}.Release|Windows Phone 8.ActiveCfg = Release|Any CPU
		{9819C2BC-28AF-4568-A83B-96BD01C2C90A}.Release|Windows Phone 8.Build.0 = Release|Any CPU
		{9819C2BC-28AF-4568-A83B-96BD01C2C90A}.Release|Windows-AnyCPU.ActiveCfg = Release|Any CPU
		{9819C2BC-28AF-4568-A83B-96BD01C2C90A}.Release|Windows-AnyCPU.Build.0 = Release|Any CPU
		{9819C2BC-28AF-4568-A83B-96BD01C2C90A}.Release|Windows-ARM.ActiveCfg = Release|Any CPU
		{9819C2BC-28AF-4568-A83B-96BD01C2C90A}.Release|Windows-ARM.Build.0 = Release|Any CPU
		{9819C2BC-28AF-4568-A83B-96BD01C2C90A}.Release|Windows-x64.ActiveCfg = Release|Any CPU
		{9819C2BC-28AF-4568-A83B-96BD01C2C90A}.Release|Windows-x64.Build.0 = Release|Any CPU
		{9819C2BC-28AF-4568-A83B-96BD01C2C90A}.Release|Windows-x86.ActiveCfg = Release|Any CPU
		{9819C2BC-28AF-4568-A83B-96BD01C2C90A}.Release|Windows-x86.Build.0 = Release|Any CPU
		{9819C2BC-28AF-4568-A83B-96BD01C2C90A}.Release|x86.ActiveCfg = Release|Any CPU
		{9819C2BC-28AF-4568-A83B-96BD01C2C90A}.Release|x86.Build.0 = Release|Any CPU
		{5826B0E2-FE8A-4734-9CDD-67302B8DCB72}.Debug|Android.ActiveCfg = Debug|Any CPU
		{5826B0E2-FE8A-4734-9CDD-67302B8DCB72}.Debug|Android.Build.0 = Debug|Any CPU
		{5826B0E2-FE8A-4734-9CDD-67302B8DCB72}.Debug|Any CPU.ActiveCfg = Debug|Any CPU
		{5826B0E2-FE8A-4734-9CDD-67302B8DCB72}.Debug|Any CPU.Build.0 = Debug|Any CPU
		{5826B0E2-FE8A-4734-9CDD-67302B8DCB72}.Debug|iOS.ActiveCfg = Debug|Any CPU
		{5826B0E2-FE8A-4734-9CDD-67302B8DCB72}.Debug|iOS.Build.0 = Debug|Any CPU
		{5826B0E2-FE8A-4734-9CDD-67302B8DCB72}.Debug|Mixed Platforms.ActiveCfg = Debug|Any CPU
		{5826B0E2-FE8A-4734-9CDD-67302B8DCB72}.Debug|Mixed Platforms.Build.0 = Debug|Any CPU
		{5826B0E2-FE8A-4734-9CDD-67302B8DCB72}.Debug|Windows Phone (Universal).ActiveCfg = Debug|Any CPU
		{5826B0E2-FE8A-4734-9CDD-67302B8DCB72}.Debug|Windows Phone (Universal).Build.0 = Debug|Any CPU
		{5826B0E2-FE8A-4734-9CDD-67302B8DCB72}.Debug|Windows Phone 8.ActiveCfg = Debug|Any CPU
		{5826B0E2-FE8A-4734-9CDD-67302B8DCB72}.Debug|Windows Phone 8.Build.0 = Debug|Any CPU
		{5826B0E2-FE8A-4734-9CDD-67302B8DCB72}.Debug|Windows-AnyCPU.ActiveCfg = Debug|Any CPU
		{5826B0E2-FE8A-4734-9CDD-67302B8DCB72}.Debug|Windows-AnyCPU.Build.0 = Debug|Any CPU
		{5826B0E2-FE8A-4734-9CDD-67302B8DCB72}.Debug|Windows-ARM.ActiveCfg = Debug|Any CPU
		{5826B0E2-FE8A-4734-9CDD-67302B8DCB72}.Debug|Windows-ARM.Build.0 = Debug|Any CPU
		{5826B0E2-FE8A-4734-9CDD-67302B8DCB72}.Debug|Windows-x64.ActiveCfg = Debug|Any CPU
		{5826B0E2-FE8A-4734-9CDD-67302B8DCB72}.Debug|Windows-x64.Build.0 = Debug|Any CPU
		{5826B0E2-FE8A-4734-9CDD-67302B8DCB72}.Debug|Windows-x86.ActiveCfg = Debug|Any CPU
		{5826B0E2-FE8A-4734-9CDD-67302B8DCB72}.Debug|Windows-x86.Build.0 = Debug|Any CPU
		{5826B0E2-FE8A-4734-9CDD-67302B8DCB72}.Debug|x86.ActiveCfg = Debug|Any CPU
		{5826B0E2-FE8A-4734-9CDD-67302B8DCB72}.Debug|x86.Build.0 = Debug|Any CPU
		{5826B0E2-FE8A-4734-9CDD-67302B8DCB72}.Distribution|Android.ActiveCfg = Debug|Any CPU
		{5826B0E2-FE8A-4734-9CDD-67302B8DCB72}.Distribution|Android.Build.0 = Debug|Any CPU
		{5826B0E2-FE8A-4734-9CDD-67302B8DCB72}.Distribution|Any CPU.ActiveCfg = Debug|Any CPU
		{5826B0E2-FE8A-4734-9CDD-67302B8DCB72}.Distribution|Any CPU.Build.0 = Debug|Any CPU
		{5826B0E2-FE8A-4734-9CDD-67302B8DCB72}.Distribution|iOS.ActiveCfg = Debug|Any CPU
		{5826B0E2-FE8A-4734-9CDD-67302B8DCB72}.Distribution|iOS.Build.0 = Debug|Any CPU
		{5826B0E2-FE8A-4734-9CDD-67302B8DCB72}.Distribution|Mixed Platforms.ActiveCfg = Debug|Any CPU
		{5826B0E2-FE8A-4734-9CDD-67302B8DCB72}.Distribution|Mixed Platforms.Build.0 = Debug|Any CPU
		{5826B0E2-FE8A-4734-9CDD-67302B8DCB72}.Distribution|Windows Phone (Universal).ActiveCfg = Debug|Any CPU
		{5826B0E2-FE8A-4734-9CDD-67302B8DCB72}.Distribution|Windows Phone (Universal).Build.0 = Debug|Any CPU
		{5826B0E2-FE8A-4734-9CDD-67302B8DCB72}.Distribution|Windows Phone 8.ActiveCfg = Debug|Any CPU
		{5826B0E2-FE8A-4734-9CDD-67302B8DCB72}.Distribution|Windows Phone 8.Build.0 = Debug|Any CPU
		{5826B0E2-FE8A-4734-9CDD-67302B8DCB72}.Distribution|Windows-AnyCPU.ActiveCfg = Debug|Any CPU
		{5826B0E2-FE8A-4734-9CDD-67302B8DCB72}.Distribution|Windows-AnyCPU.Build.0 = Debug|Any CPU
		{5826B0E2-FE8A-4734-9CDD-67302B8DCB72}.Distribution|Windows-ARM.ActiveCfg = Debug|Any CPU
		{5826B0E2-FE8A-4734-9CDD-67302B8DCB72}.Distribution|Windows-ARM.Build.0 = Debug|Any CPU
		{5826B0E2-FE8A-4734-9CDD-67302B8DCB72}.Distribution|Windows-x64.ActiveCfg = Debug|Any CPU
		{5826B0E2-FE8A-4734-9CDD-67302B8DCB72}.Distribution|Windows-x64.Build.0 = Debug|Any CPU
		{5826B0E2-FE8A-4734-9CDD-67302B8DCB72}.Distribution|Windows-x86.ActiveCfg = Debug|Any CPU
		{5826B0E2-FE8A-4734-9CDD-67302B8DCB72}.Distribution|Windows-x86.Build.0 = Debug|Any CPU
		{5826B0E2-FE8A-4734-9CDD-67302B8DCB72}.Distribution|x86.ActiveCfg = Debug|Any CPU
		{5826B0E2-FE8A-4734-9CDD-67302B8DCB72}.Distribution|x86.Build.0 = Debug|Any CPU
		{5826B0E2-FE8A-4734-9CDD-67302B8DCB72}.Release|Android.ActiveCfg = Debug|Any CPU
		{5826B0E2-FE8A-4734-9CDD-67302B8DCB72}.Release|Android.Build.0 = Debug|Any CPU
		{5826B0E2-FE8A-4734-9CDD-67302B8DCB72}.Release|Any CPU.ActiveCfg = Debug|Any CPU
		{5826B0E2-FE8A-4734-9CDD-67302B8DCB72}.Release|Any CPU.Build.0 = Debug|Any CPU
		{5826B0E2-FE8A-4734-9CDD-67302B8DCB72}.Release|iOS.ActiveCfg = Debug|Any CPU
		{5826B0E2-FE8A-4734-9CDD-67302B8DCB72}.Release|iOS.Build.0 = Debug|Any CPU
		{5826B0E2-FE8A-4734-9CDD-67302B8DCB72}.Release|Mixed Platforms.ActiveCfg = Debug|Any CPU
		{5826B0E2-FE8A-4734-9CDD-67302B8DCB72}.Release|Mixed Platforms.Build.0 = Debug|Any CPU
		{5826B0E2-FE8A-4734-9CDD-67302B8DCB72}.Release|Windows Phone (Universal).ActiveCfg = Debug|Any CPU
		{5826B0E2-FE8A-4734-9CDD-67302B8DCB72}.Release|Windows Phone (Universal).Build.0 = Debug|Any CPU
		{5826B0E2-FE8A-4734-9CDD-67302B8DCB72}.Release|Windows Phone 8.ActiveCfg = Debug|Any CPU
		{5826B0E2-FE8A-4734-9CDD-67302B8DCB72}.Release|Windows Phone 8.Build.0 = Debug|Any CPU
		{5826B0E2-FE8A-4734-9CDD-67302B8DCB72}.Release|Windows-AnyCPU.ActiveCfg = Debug|Any CPU
		{5826B0E2-FE8A-4734-9CDD-67302B8DCB72}.Release|Windows-AnyCPU.Build.0 = Debug|Any CPU
		{5826B0E2-FE8A-4734-9CDD-67302B8DCB72}.Release|Windows-ARM.ActiveCfg = Debug|Any CPU
		{5826B0E2-FE8A-4734-9CDD-67302B8DCB72}.Release|Windows-ARM.Build.0 = Debug|Any CPU
		{5826B0E2-FE8A-4734-9CDD-67302B8DCB72}.Release|Windows-x64.ActiveCfg = Debug|Any CPU
		{5826B0E2-FE8A-4734-9CDD-67302B8DCB72}.Release|Windows-x64.Build.0 = Debug|Any CPU
		{5826B0E2-FE8A-4734-9CDD-67302B8DCB72}.Release|Windows-x86.ActiveCfg = Debug|Any CPU
		{5826B0E2-FE8A-4734-9CDD-67302B8DCB72}.Release|Windows-x86.Build.0 = Debug|Any CPU
		{5826B0E2-FE8A-4734-9CDD-67302B8DCB72}.Release|x86.ActiveCfg = Debug|Any CPU
		{5826B0E2-FE8A-4734-9CDD-67302B8DCB72}.Release|x86.Build.0 = Debug|Any CPU
		{5BB13595-512C-44BD-B058-43C79E5F34BB}.Debug|Android.ActiveCfg = Debug|Any CPU
		{5BB13595-512C-44BD-B058-43C79E5F34BB}.Debug|Android.Build.0 = Debug|Any CPU
		{5BB13595-512C-44BD-B058-43C79E5F34BB}.Debug|Any CPU.ActiveCfg = Debug|Any CPU
		{5BB13595-512C-44BD-B058-43C79E5F34BB}.Debug|Any CPU.Build.0 = Debug|Any CPU
		{5BB13595-512C-44BD-B058-43C79E5F34BB}.Debug|iOS.ActiveCfg = Debug|Any CPU
		{5BB13595-512C-44BD-B058-43C79E5F34BB}.Debug|iOS.Build.0 = Debug|Any CPU
		{5BB13595-512C-44BD-B058-43C79E5F34BB}.Debug|Mixed Platforms.ActiveCfg = Debug|Any CPU
		{5BB13595-512C-44BD-B058-43C79E5F34BB}.Debug|Mixed Platforms.Build.0 = Debug|Any CPU
		{5BB13595-512C-44BD-B058-43C79E5F34BB}.Debug|Windows Phone (Universal).ActiveCfg = Debug|Any CPU
		{5BB13595-512C-44BD-B058-43C79E5F34BB}.Debug|Windows Phone (Universal).Build.0 = Debug|Any CPU
		{5BB13595-512C-44BD-B058-43C79E5F34BB}.Debug|Windows Phone 8.ActiveCfg = Debug|Any CPU
		{5BB13595-512C-44BD-B058-43C79E5F34BB}.Debug|Windows Phone 8.Build.0 = Debug|Any CPU
		{5BB13595-512C-44BD-B058-43C79E5F34BB}.Debug|Windows-AnyCPU.ActiveCfg = Debug|Any CPU
		{5BB13595-512C-44BD-B058-43C79E5F34BB}.Debug|Windows-AnyCPU.Build.0 = Debug|Any CPU
		{5BB13595-512C-44BD-B058-43C79E5F34BB}.Debug|Windows-ARM.ActiveCfg = Debug|Any CPU
		{5BB13595-512C-44BD-B058-43C79E5F34BB}.Debug|Windows-ARM.Build.0 = Debug|Any CPU
		{5BB13595-512C-44BD-B058-43C79E5F34BB}.Debug|Windows-x64.ActiveCfg = Debug|Any CPU
		{5BB13595-512C-44BD-B058-43C79E5F34BB}.Debug|Windows-x64.Build.0 = Debug|Any CPU
		{5BB13595-512C-44BD-B058-43C79E5F34BB}.Debug|Windows-x86.ActiveCfg = Debug|Any CPU
		{5BB13595-512C-44BD-B058-43C79E5F34BB}.Debug|Windows-x86.Build.0 = Debug|Any CPU
		{5BB13595-512C-44BD-B058-43C79E5F34BB}.Debug|x86.ActiveCfg = Debug|Any CPU
		{5BB13595-512C-44BD-B058-43C79E5F34BB}.Debug|x86.Build.0 = Debug|Any CPU
		{5BB13595-512C-44BD-B058-43C79E5F34BB}.Distribution|Android.ActiveCfg = Debug|Any CPU
		{5BB13595-512C-44BD-B058-43C79E5F34BB}.Distribution|Android.Build.0 = Debug|Any CPU
		{5BB13595-512C-44BD-B058-43C79E5F34BB}.Distribution|Any CPU.ActiveCfg = Debug|Any CPU
		{5BB13595-512C-44BD-B058-43C79E5F34BB}.Distribution|Any CPU.Build.0 = Debug|Any CPU
		{5BB13595-512C-44BD-B058-43C79E5F34BB}.Distribution|iOS.ActiveCfg = Debug|Any CPU
		{5BB13595-512C-44BD-B058-43C79E5F34BB}.Distribution|iOS.Build.0 = Debug|Any CPU
		{5BB13595-512C-44BD-B058-43C79E5F34BB}.Distribution|Mixed Platforms.ActiveCfg = Debug|Any CPU
		{5BB13595-512C-44BD-B058-43C79E5F34BB}.Distribution|Mixed Platforms.Build.0 = Debug|Any CPU
		{5BB13595-512C-44BD-B058-43C79E5F34BB}.Distribution|Windows Phone (Universal).ActiveCfg = Debug|Any CPU
		{5BB13595-512C-44BD-B058-43C79E5F34BB}.Distribution|Windows Phone (Universal).Build.0 = Debug|Any CPU
		{5BB13595-512C-44BD-B058-43C79E5F34BB}.Distribution|Windows Phone 8.ActiveCfg = Debug|Any CPU
		{5BB13595-512C-44BD-B058-43C79E5F34BB}.Distribution|Windows Phone 8.Build.0 = Debug|Any CPU
		{5BB13595-512C-44BD-B058-43C79E5F34BB}.Distribution|Windows-AnyCPU.ActiveCfg = Debug|Any CPU
		{5BB13595-512C-44BD-B058-43C79E5F34BB}.Distribution|Windows-AnyCPU.Build.0 = Debug|Any CPU
		{5BB13595-512C-44BD-B058-43C79E5F34BB}.Distribution|Windows-ARM.ActiveCfg = Debug|Any CPU
		{5BB13595-512C-44BD-B058-43C79E5F34BB}.Distribution|Windows-ARM.Build.0 = Debug|Any CPU
		{5BB13595-512C-44BD-B058-43C79E5F34BB}.Distribution|Windows-x64.ActiveCfg = Debug|Any CPU
		{5BB13595-512C-44BD-B058-43C79E5F34BB}.Distribution|Windows-x64.Build.0 = Debug|Any CPU
		{5BB13595-512C-44BD-B058-43C79E5F34BB}.Distribution|Windows-x86.ActiveCfg = Debug|Any CPU
		{5BB13595-512C-44BD-B058-43C79E5F34BB}.Distribution|Windows-x86.Build.0 = Debug|Any CPU
		{5BB13595-512C-44BD-B058-43C79E5F34BB}.Distribution|x86.ActiveCfg = Debug|Any CPU
		{5BB13595-512C-44BD-B058-43C79E5F34BB}.Distribution|x86.Build.0 = Debug|Any CPU
		{5BB13595-512C-44BD-B058-43C79E5F34BB}.Release|Android.ActiveCfg = Release|Any CPU
		{5BB13595-512C-44BD-B058-43C79E5F34BB}.Release|Android.Build.0 = Release|Any CPU
		{5BB13595-512C-44BD-B058-43C79E5F34BB}.Release|Any CPU.ActiveCfg = Release|Any CPU
		{5BB13595-512C-44BD-B058-43C79E5F34BB}.Release|Any CPU.Build.0 = Release|Any CPU
		{5BB13595-512C-44BD-B058-43C79E5F34BB}.Release|iOS.ActiveCfg = Release|Any CPU
		{5BB13595-512C-44BD-B058-43C79E5F34BB}.Release|iOS.Build.0 = Release|Any CPU
		{5BB13595-512C-44BD-B058-43C79E5F34BB}.Release|Mixed Platforms.ActiveCfg = Release|Any CPU
		{5BB13595-512C-44BD-B058-43C79E5F34BB}.Release|Mixed Platforms.Build.0 = Release|Any CPU
		{5BB13595-512C-44BD-B058-43C79E5F34BB}.Release|Windows Phone (Universal).ActiveCfg = Release|Any CPU
		{5BB13595-512C-44BD-B058-43C79E5F34BB}.Release|Windows Phone (Universal).Build.0 = Release|Any CPU
		{5BB13595-512C-44BD-B058-43C79E5F34BB}.Release|Windows Phone 8.ActiveCfg = Release|Any CPU
		{5BB13595-512C-44BD-B058-43C79E5F34BB}.Release|Windows Phone 8.Build.0 = Release|Any CPU
		{5BB13595-512C-44BD-B058-43C79E5F34BB}.Release|Windows-AnyCPU.ActiveCfg = Release|Any CPU
		{5BB13595-512C-44BD-B058-43C79E5F34BB}.Release|Windows-AnyCPU.Build.0 = Release|Any CPU
		{5BB13595-512C-44BD-B058-43C79E5F34BB}.Release|Windows-ARM.ActiveCfg = Release|Any CPU
		{5BB13595-512C-44BD-B058-43C79E5F34BB}.Release|Windows-ARM.Build.0 = Release|Any CPU
		{5BB13595-512C-44BD-B058-43C79E5F34BB}.Release|Windows-x64.ActiveCfg = Release|Any CPU
		{5BB13595-512C-44BD-B058-43C79E5F34BB}.Release|Windows-x64.Build.0 = Release|Any CPU
		{5BB13595-512C-44BD-B058-43C79E5F34BB}.Release|Windows-x86.ActiveCfg = Release|Any CPU
		{5BB13595-512C-44BD-B058-43C79E5F34BB}.Release|Windows-x86.Build.0 = Release|Any CPU
		{5BB13595-512C-44BD-B058-43C79E5F34BB}.Release|x86.ActiveCfg = Release|Any CPU
		{5BB13595-512C-44BD-B058-43C79E5F34BB}.Release|x86.Build.0 = Release|Any CPU
		{D7100FF3-40D9-4B4D-8C45-96643B7B8156}.Debug|Android.ActiveCfg = Debug|x86
		{D7100FF3-40D9-4B4D-8C45-96643B7B8156}.Debug|Any CPU.ActiveCfg = Debug|x86
		{D7100FF3-40D9-4B4D-8C45-96643B7B8156}.Debug|iOS.ActiveCfg = Debug|x86
		{D7100FF3-40D9-4B4D-8C45-96643B7B8156}.Debug|Mixed Platforms.ActiveCfg = Debug|x86
		{D7100FF3-40D9-4B4D-8C45-96643B7B8156}.Debug|Mixed Platforms.Build.0 = Debug|x86
		{D7100FF3-40D9-4B4D-8C45-96643B7B8156}.Debug|Windows Phone (Universal).ActiveCfg = Debug|x86
		{D7100FF3-40D9-4B4D-8C45-96643B7B8156}.Debug|Windows Phone 8.ActiveCfg = Debug|x86
		{D7100FF3-40D9-4B4D-8C45-96643B7B8156}.Debug|Windows-AnyCPU.ActiveCfg = Debug|x86
		{D7100FF3-40D9-4B4D-8C45-96643B7B8156}.Debug|Windows-ARM.ActiveCfg = Debug|x86
		{D7100FF3-40D9-4B4D-8C45-96643B7B8156}.Debug|Windows-x64.ActiveCfg = Debug|x86
		{D7100FF3-40D9-4B4D-8C45-96643B7B8156}.Debug|Windows-x86.ActiveCfg = Debug|x86
		{D7100FF3-40D9-4B4D-8C45-96643B7B8156}.Debug|x86.ActiveCfg = Debug|x86
		{D7100FF3-40D9-4B4D-8C45-96643B7B8156}.Debug|x86.Build.0 = Debug|x86
		{D7100FF3-40D9-4B4D-8C45-96643B7B8156}.Distribution|Android.ActiveCfg = Release|x86
		{D7100FF3-40D9-4B4D-8C45-96643B7B8156}.Distribution|Android.Build.0 = Release|x86
		{D7100FF3-40D9-4B4D-8C45-96643B7B8156}.Distribution|Any CPU.ActiveCfg = Release|x86
		{D7100FF3-40D9-4B4D-8C45-96643B7B8156}.Distribution|Any CPU.Build.0 = Release|x86
		{D7100FF3-40D9-4B4D-8C45-96643B7B8156}.Distribution|iOS.ActiveCfg = Release|x86
		{D7100FF3-40D9-4B4D-8C45-96643B7B8156}.Distribution|iOS.Build.0 = Release|x86
		{D7100FF3-40D9-4B4D-8C45-96643B7B8156}.Distribution|Mixed Platforms.ActiveCfg = Debug|x86
		{D7100FF3-40D9-4B4D-8C45-96643B7B8156}.Distribution|Mixed Platforms.Build.0 = Debug|x86
		{D7100FF3-40D9-4B4D-8C45-96643B7B8156}.Distribution|Windows Phone (Universal).ActiveCfg = Release|x86
		{D7100FF3-40D9-4B4D-8C45-96643B7B8156}.Distribution|Windows Phone (Universal).Build.0 = Release|x86
		{D7100FF3-40D9-4B4D-8C45-96643B7B8156}.Distribution|Windows Phone 8.ActiveCfg = Release|x86
		{D7100FF3-40D9-4B4D-8C45-96643B7B8156}.Distribution|Windows Phone 8.Build.0 = Release|x86
		{D7100FF3-40D9-4B4D-8C45-96643B7B8156}.Distribution|Windows-AnyCPU.ActiveCfg = Release|x86
		{D7100FF3-40D9-4B4D-8C45-96643B7B8156}.Distribution|Windows-AnyCPU.Build.0 = Release|x86
		{D7100FF3-40D9-4B4D-8C45-96643B7B8156}.Distribution|Windows-ARM.ActiveCfg = Release|x86
		{D7100FF3-40D9-4B4D-8C45-96643B7B8156}.Distribution|Windows-ARM.Build.0 = Release|x86
		{D7100FF3-40D9-4B4D-8C45-96643B7B8156}.Distribution|Windows-x64.ActiveCfg = Release|x86
		{D7100FF3-40D9-4B4D-8C45-96643B7B8156}.Distribution|Windows-x64.Build.0 = Release|x86
		{D7100FF3-40D9-4B4D-8C45-96643B7B8156}.Distribution|Windows-x86.ActiveCfg = Release|x86
		{D7100FF3-40D9-4B4D-8C45-96643B7B8156}.Distribution|Windows-x86.Build.0 = Release|x86
		{D7100FF3-40D9-4B4D-8C45-96643B7B8156}.Distribution|x86.ActiveCfg = Debug|x86
		{D7100FF3-40D9-4B4D-8C45-96643B7B8156}.Distribution|x86.Build.0 = Debug|x86
		{D7100FF3-40D9-4B4D-8C45-96643B7B8156}.Release|Android.ActiveCfg = Release|x86
		{D7100FF3-40D9-4B4D-8C45-96643B7B8156}.Release|Any CPU.ActiveCfg = Release|x86
		{D7100FF3-40D9-4B4D-8C45-96643B7B8156}.Release|iOS.ActiveCfg = Release|x86
		{D7100FF3-40D9-4B4D-8C45-96643B7B8156}.Release|Mixed Platforms.ActiveCfg = Release|x86
		{D7100FF3-40D9-4B4D-8C45-96643B7B8156}.Release|Mixed Platforms.Build.0 = Release|x86
		{D7100FF3-40D9-4B4D-8C45-96643B7B8156}.Release|Windows Phone (Universal).ActiveCfg = Release|x86
		{D7100FF3-40D9-4B4D-8C45-96643B7B8156}.Release|Windows Phone 8.ActiveCfg = Release|x86
		{D7100FF3-40D9-4B4D-8C45-96643B7B8156}.Release|Windows-AnyCPU.ActiveCfg = Release|x86
		{D7100FF3-40D9-4B4D-8C45-96643B7B8156}.Release|Windows-ARM.ActiveCfg = Release|x86
		{D7100FF3-40D9-4B4D-8C45-96643B7B8156}.Release|Windows-x64.ActiveCfg = Release|x86
		{D7100FF3-40D9-4B4D-8C45-96643B7B8156}.Release|Windows-x86.ActiveCfg = Release|x86
		{D7100FF3-40D9-4B4D-8C45-96643B7B8156}.Release|x86.ActiveCfg = Release|x86
		{D7100FF3-40D9-4B4D-8C45-96643B7B8156}.Release|x86.Build.0 = Release|x86
		{CC0DAF20-EA58-4638-8BB9-91C31D0AF296}.Debug|Android.ActiveCfg = Debug|Any CPU
		{CC0DAF20-EA58-4638-8BB9-91C31D0AF296}.Debug|Android.Build.0 = Debug|Any CPU
		{CC0DAF20-EA58-4638-8BB9-91C31D0AF296}.Debug|Any CPU.ActiveCfg = Debug|Any CPU
		{CC0DAF20-EA58-4638-8BB9-91C31D0AF296}.Debug|Any CPU.Build.0 = Debug|Any CPU
		{CC0DAF20-EA58-4638-8BB9-91C31D0AF296}.Debug|iOS.ActiveCfg = Debug|Any CPU
		{CC0DAF20-EA58-4638-8BB9-91C31D0AF296}.Debug|iOS.Build.0 = Debug|Any CPU
		{CC0DAF20-EA58-4638-8BB9-91C31D0AF296}.Debug|Mixed Platforms.ActiveCfg = Debug|Any CPU
		{CC0DAF20-EA58-4638-8BB9-91C31D0AF296}.Debug|Mixed Platforms.Build.0 = Debug|Any CPU
		{CC0DAF20-EA58-4638-8BB9-91C31D0AF296}.Debug|Windows Phone (Universal).ActiveCfg = Debug|Any CPU
		{CC0DAF20-EA58-4638-8BB9-91C31D0AF296}.Debug|Windows Phone (Universal).Build.0 = Debug|Any CPU
		{CC0DAF20-EA58-4638-8BB9-91C31D0AF296}.Debug|Windows Phone 8.ActiveCfg = Debug|Any CPU
		{CC0DAF20-EA58-4638-8BB9-91C31D0AF296}.Debug|Windows Phone 8.Build.0 = Debug|Any CPU
		{CC0DAF20-EA58-4638-8BB9-91C31D0AF296}.Debug|Windows-AnyCPU.ActiveCfg = Debug|Any CPU
		{CC0DAF20-EA58-4638-8BB9-91C31D0AF296}.Debug|Windows-AnyCPU.Build.0 = Debug|Any CPU
		{CC0DAF20-EA58-4638-8BB9-91C31D0AF296}.Debug|Windows-ARM.ActiveCfg = Debug|Any CPU
		{CC0DAF20-EA58-4638-8BB9-91C31D0AF296}.Debug|Windows-ARM.Build.0 = Debug|Any CPU
		{CC0DAF20-EA58-4638-8BB9-91C31D0AF296}.Debug|Windows-x64.ActiveCfg = Debug|Any CPU
		{CC0DAF20-EA58-4638-8BB9-91C31D0AF296}.Debug|Windows-x64.Build.0 = Debug|Any CPU
		{CC0DAF20-EA58-4638-8BB9-91C31D0AF296}.Debug|Windows-x86.ActiveCfg = Debug|Any CPU
		{CC0DAF20-EA58-4638-8BB9-91C31D0AF296}.Debug|Windows-x86.Build.0 = Debug|Any CPU
		{CC0DAF20-EA58-4638-8BB9-91C31D0AF296}.Debug|x86.ActiveCfg = Debug|Any CPU
		{CC0DAF20-EA58-4638-8BB9-91C31D0AF296}.Debug|x86.Build.0 = Debug|Any CPU
		{CC0DAF20-EA58-4638-8BB9-91C31D0AF296}.Distribution|Android.ActiveCfg = Debug|Any CPU
		{CC0DAF20-EA58-4638-8BB9-91C31D0AF296}.Distribution|Android.Build.0 = Debug|Any CPU
		{CC0DAF20-EA58-4638-8BB9-91C31D0AF296}.Distribution|Any CPU.ActiveCfg = Debug|Any CPU
		{CC0DAF20-EA58-4638-8BB9-91C31D0AF296}.Distribution|Any CPU.Build.0 = Debug|Any CPU
		{CC0DAF20-EA58-4638-8BB9-91C31D0AF296}.Distribution|iOS.ActiveCfg = Debug|Any CPU
		{CC0DAF20-EA58-4638-8BB9-91C31D0AF296}.Distribution|iOS.Build.0 = Debug|Any CPU
		{CC0DAF20-EA58-4638-8BB9-91C31D0AF296}.Distribution|Mixed Platforms.ActiveCfg = Debug|Any CPU
		{CC0DAF20-EA58-4638-8BB9-91C31D0AF296}.Distribution|Mixed Platforms.Build.0 = Debug|Any CPU
		{CC0DAF20-EA58-4638-8BB9-91C31D0AF296}.Distribution|Windows Phone (Universal).ActiveCfg = Debug|Any CPU
		{CC0DAF20-EA58-4638-8BB9-91C31D0AF296}.Distribution|Windows Phone (Universal).Build.0 = Debug|Any CPU
		{CC0DAF20-EA58-4638-8BB9-91C31D0AF296}.Distribution|Windows Phone 8.ActiveCfg = Debug|Any CPU
		{CC0DAF20-EA58-4638-8BB9-91C31D0AF296}.Distribution|Windows Phone 8.Build.0 = Debug|Any CPU
		{CC0DAF20-EA58-4638-8BB9-91C31D0AF296}.Distribution|Windows-AnyCPU.ActiveCfg = Debug|Any CPU
		{CC0DAF20-EA58-4638-8BB9-91C31D0AF296}.Distribution|Windows-AnyCPU.Build.0 = Debug|Any CPU
		{CC0DAF20-EA58-4638-8BB9-91C31D0AF296}.Distribution|Windows-ARM.ActiveCfg = Debug|Any CPU
		{CC0DAF20-EA58-4638-8BB9-91C31D0AF296}.Distribution|Windows-ARM.Build.0 = Debug|Any CPU
		{CC0DAF20-EA58-4638-8BB9-91C31D0AF296}.Distribution|Windows-x64.ActiveCfg = Debug|Any CPU
		{CC0DAF20-EA58-4638-8BB9-91C31D0AF296}.Distribution|Windows-x64.Build.0 = Debug|Any CPU
		{CC0DAF20-EA58-4638-8BB9-91C31D0AF296}.Distribution|Windows-x86.ActiveCfg = Debug|Any CPU
		{CC0DAF20-EA58-4638-8BB9-91C31D0AF296}.Distribution|Windows-x86.Build.0 = Debug|Any CPU
		{CC0DAF20-EA58-4638-8BB9-91C31D0AF296}.Distribution|x86.ActiveCfg = Debug|Any CPU
		{CC0DAF20-EA58-4638-8BB9-91C31D0AF296}.Distribution|x86.Build.0 = Debug|Any CPU
		{CC0DAF20-EA58-4638-8BB9-91C31D0AF296}.Release|Android.ActiveCfg = Release|Any CPU
		{CC0DAF20-EA58-4638-8BB9-91C31D0AF296}.Release|Android.Build.0 = Release|Any CPU
		{CC0DAF20-EA58-4638-8BB9-91C31D0AF296}.Release|Any CPU.ActiveCfg = Release|Any CPU
		{CC0DAF20-EA58-4638-8BB9-91C31D0AF296}.Release|Any CPU.Build.0 = Release|Any CPU
		{CC0DAF20-EA58-4638-8BB9-91C31D0AF296}.Release|iOS.ActiveCfg = Release|Any CPU
		{CC0DAF20-EA58-4638-8BB9-91C31D0AF296}.Release|iOS.Build.0 = Release|Any CPU
		{CC0DAF20-EA58-4638-8BB9-91C31D0AF296}.Release|Mixed Platforms.ActiveCfg = Release|Any CPU
		{CC0DAF20-EA58-4638-8BB9-91C31D0AF296}.Release|Mixed Platforms.Build.0 = Release|Any CPU
		{CC0DAF20-EA58-4638-8BB9-91C31D0AF296}.Release|Windows Phone (Universal).ActiveCfg = Release|Any CPU
		{CC0DAF20-EA58-4638-8BB9-91C31D0AF296}.Release|Windows Phone (Universal).Build.0 = Release|Any CPU
		{CC0DAF20-EA58-4638-8BB9-91C31D0AF296}.Release|Windows Phone 8.ActiveCfg = Release|Any CPU
		{CC0DAF20-EA58-4638-8BB9-91C31D0AF296}.Release|Windows Phone 8.Build.0 = Release|Any CPU
		{CC0DAF20-EA58-4638-8BB9-91C31D0AF296}.Release|Windows-AnyCPU.ActiveCfg = Release|Any CPU
		{CC0DAF20-EA58-4638-8BB9-91C31D0AF296}.Release|Windows-AnyCPU.Build.0 = Release|Any CPU
		{CC0DAF20-EA58-4638-8BB9-91C31D0AF296}.Release|Windows-ARM.ActiveCfg = Release|Any CPU
		{CC0DAF20-EA58-4638-8BB9-91C31D0AF296}.Release|Windows-ARM.Build.0 = Release|Any CPU
		{CC0DAF20-EA58-4638-8BB9-91C31D0AF296}.Release|Windows-x64.ActiveCfg = Release|Any CPU
		{CC0DAF20-EA58-4638-8BB9-91C31D0AF296}.Release|Windows-x64.Build.0 = Release|Any CPU
		{CC0DAF20-EA58-4638-8BB9-91C31D0AF296}.Release|Windows-x86.ActiveCfg = Release|Any CPU
		{CC0DAF20-EA58-4638-8BB9-91C31D0AF296}.Release|Windows-x86.Build.0 = Release|Any CPU
		{CC0DAF20-EA58-4638-8BB9-91C31D0AF296}.Release|x86.ActiveCfg = Release|Any CPU
		{CC0DAF20-EA58-4638-8BB9-91C31D0AF296}.Release|x86.Build.0 = Release|Any CPU
		{4043B1F0-62D6-44FF-A844-0C43586C2A59}.Debug|Android.ActiveCfg = Debug|Any CPU
		{4043B1F0-62D6-44FF-A844-0C43586C2A59}.Debug|Android.Build.0 = Debug|Any CPU
		{4043B1F0-62D6-44FF-A844-0C43586C2A59}.Debug|Any CPU.ActiveCfg = Debug|Any CPU
		{4043B1F0-62D6-44FF-A844-0C43586C2A59}.Debug|Any CPU.Build.0 = Debug|Any CPU
		{4043B1F0-62D6-44FF-A844-0C43586C2A59}.Debug|iOS.ActiveCfg = Debug|Any CPU
		{4043B1F0-62D6-44FF-A844-0C43586C2A59}.Debug|iOS.Build.0 = Debug|Any CPU
		{4043B1F0-62D6-44FF-A844-0C43586C2A59}.Debug|Mixed Platforms.ActiveCfg = Debug|Any CPU
		{4043B1F0-62D6-44FF-A844-0C43586C2A59}.Debug|Mixed Platforms.Build.0 = Debug|Any CPU
		{4043B1F0-62D6-44FF-A844-0C43586C2A59}.Debug|Windows Phone (Universal).ActiveCfg = Debug|Any CPU
		{4043B1F0-62D6-44FF-A844-0C43586C2A59}.Debug|Windows Phone (Universal).Build.0 = Debug|Any CPU
		{4043B1F0-62D6-44FF-A844-0C43586C2A59}.Debug|Windows Phone 8.ActiveCfg = Debug|Any CPU
		{4043B1F0-62D6-44FF-A844-0C43586C2A59}.Debug|Windows Phone 8.Build.0 = Debug|Any CPU
		{4043B1F0-62D6-44FF-A844-0C43586C2A59}.Debug|Windows-AnyCPU.ActiveCfg = Debug|Any CPU
		{4043B1F0-62D6-44FF-A844-0C43586C2A59}.Debug|Windows-AnyCPU.Build.0 = Debug|Any CPU
		{4043B1F0-62D6-44FF-A844-0C43586C2A59}.Debug|Windows-ARM.ActiveCfg = Debug|Any CPU
		{4043B1F0-62D6-44FF-A844-0C43586C2A59}.Debug|Windows-ARM.Build.0 = Debug|Any CPU
		{4043B1F0-62D6-44FF-A844-0C43586C2A59}.Debug|Windows-x64.ActiveCfg = Debug|Any CPU
		{4043B1F0-62D6-44FF-A844-0C43586C2A59}.Debug|Windows-x64.Build.0 = Debug|Any CPU
		{4043B1F0-62D6-44FF-A844-0C43586C2A59}.Debug|Windows-x86.ActiveCfg = Debug|Any CPU
		{4043B1F0-62D6-44FF-A844-0C43586C2A59}.Debug|Windows-x86.Build.0 = Debug|Any CPU
		{4043B1F0-62D6-44FF-A844-0C43586C2A59}.Debug|x86.ActiveCfg = Debug|Any CPU
		{4043B1F0-62D6-44FF-A844-0C43586C2A59}.Debug|x86.Build.0 = Debug|Any CPU
		{4043B1F0-62D6-44FF-A844-0C43586C2A59}.Distribution|Android.ActiveCfg = Debug|Any CPU
		{4043B1F0-62D6-44FF-A844-0C43586C2A59}.Distribution|Android.Build.0 = Debug|Any CPU
		{4043B1F0-62D6-44FF-A844-0C43586C2A59}.Distribution|Any CPU.ActiveCfg = Debug|Any CPU
		{4043B1F0-62D6-44FF-A844-0C43586C2A59}.Distribution|Any CPU.Build.0 = Debug|Any CPU
		{4043B1F0-62D6-44FF-A844-0C43586C2A59}.Distribution|iOS.ActiveCfg = Debug|Any CPU
		{4043B1F0-62D6-44FF-A844-0C43586C2A59}.Distribution|iOS.Build.0 = Debug|Any CPU
		{4043B1F0-62D6-44FF-A844-0C43586C2A59}.Distribution|Mixed Platforms.ActiveCfg = Debug|Any CPU
		{4043B1F0-62D6-44FF-A844-0C43586C2A59}.Distribution|Mixed Platforms.Build.0 = Debug|Any CPU
		{4043B1F0-62D6-44FF-A844-0C43586C2A59}.Distribution|Windows Phone (Universal).ActiveCfg = Debug|Any CPU
		{4043B1F0-62D6-44FF-A844-0C43586C2A59}.Distribution|Windows Phone (Universal).Build.0 = Debug|Any CPU
		{4043B1F0-62D6-44FF-A844-0C43586C2A59}.Distribution|Windows Phone 8.ActiveCfg = Debug|Any CPU
		{4043B1F0-62D6-44FF-A844-0C43586C2A59}.Distribution|Windows Phone 8.Build.0 = Debug|Any CPU
		{4043B1F0-62D6-44FF-A844-0C43586C2A59}.Distribution|Windows-AnyCPU.ActiveCfg = Debug|Any CPU
		{4043B1F0-62D6-44FF-A844-0C43586C2A59}.Distribution|Windows-AnyCPU.Build.0 = Debug|Any CPU
		{4043B1F0-62D6-44FF-A844-0C43586C2A59}.Distribution|Windows-ARM.ActiveCfg = Debug|Any CPU
		{4043B1F0-62D6-44FF-A844-0C43586C2A59}.Distribution|Windows-ARM.Build.0 = Debug|Any CPU
		{4043B1F0-62D6-44FF-A844-0C43586C2A59}.Distribution|Windows-x64.ActiveCfg = Debug|Any CPU
		{4043B1F0-62D6-44FF-A844-0C43586C2A59}.Distribution|Windows-x64.Build.0 = Debug|Any CPU
		{4043B1F0-62D6-44FF-A844-0C43586C2A59}.Distribution|Windows-x86.ActiveCfg = Debug|Any CPU
		{4043B1F0-62D6-44FF-A844-0C43586C2A59}.Distribution|Windows-x86.Build.0 = Debug|Any CPU
		{4043B1F0-62D6-44FF-A844-0C43586C2A59}.Distribution|x86.ActiveCfg = Debug|Any CPU
		{4043B1F0-62D6-44FF-A844-0C43586C2A59}.Distribution|x86.Build.0 = Debug|Any CPU
		{4043B1F0-62D6-44FF-A844-0C43586C2A59}.Release|Android.ActiveCfg = Release|Any CPU
		{4043B1F0-62D6-44FF-A844-0C43586C2A59}.Release|Android.Build.0 = Release|Any CPU
		{4043B1F0-62D6-44FF-A844-0C43586C2A59}.Release|Any CPU.ActiveCfg = Release|Any CPU
		{4043B1F0-62D6-44FF-A844-0C43586C2A59}.Release|Any CPU.Build.0 = Release|Any CPU
		{4043B1F0-62D6-44FF-A844-0C43586C2A59}.Release|iOS.ActiveCfg = Release|Any CPU
		{4043B1F0-62D6-44FF-A844-0C43586C2A59}.Release|iOS.Build.0 = Release|Any CPU
		{4043B1F0-62D6-44FF-A844-0C43586C2A59}.Release|Mixed Platforms.ActiveCfg = Release|Any CPU
		{4043B1F0-62D6-44FF-A844-0C43586C2A59}.Release|Mixed Platforms.Build.0 = Release|Any CPU
		{4043B1F0-62D6-44FF-A844-0C43586C2A59}.Release|Windows Phone (Universal).ActiveCfg = Release|Any CPU
		{4043B1F0-62D6-44FF-A844-0C43586C2A59}.Release|Windows Phone (Universal).Build.0 = Release|Any CPU
		{4043B1F0-62D6-44FF-A844-0C43586C2A59}.Release|Windows Phone 8.ActiveCfg = Release|Any CPU
		{4043B1F0-62D6-44FF-A844-0C43586C2A59}.Release|Windows Phone 8.Build.0 = Release|Any CPU
		{4043B1F0-62D6-44FF-A844-0C43586C2A59}.Release|Windows-AnyCPU.ActiveCfg = Release|Any CPU
		{4043B1F0-62D6-44FF-A844-0C43586C2A59}.Release|Windows-AnyCPU.Build.0 = Release|Any CPU
		{4043B1F0-62D6-44FF-A844-0C43586C2A59}.Release|Windows-ARM.ActiveCfg = Release|Any CPU
		{4043B1F0-62D6-44FF-A844-0C43586C2A59}.Release|Windows-ARM.Build.0 = Release|Any CPU
		{4043B1F0-62D6-44FF-A844-0C43586C2A59}.Release|Windows-x64.ActiveCfg = Release|Any CPU
		{4043B1F0-62D6-44FF-A844-0C43586C2A59}.Release|Windows-x64.Build.0 = Release|Any CPU
		{4043B1F0-62D6-44FF-A844-0C43586C2A59}.Release|Windows-x86.ActiveCfg = Release|Any CPU
		{4043B1F0-62D6-44FF-A844-0C43586C2A59}.Release|Windows-x86.Build.0 = Release|Any CPU
		{4043B1F0-62D6-44FF-A844-0C43586C2A59}.Release|x86.ActiveCfg = Release|Any CPU
		{4043B1F0-62D6-44FF-A844-0C43586C2A59}.Release|x86.Build.0 = Release|Any CPU
		{0A7C711F-B383-4351-84E9-3CB9B2835489}.Debug|Android.ActiveCfg = Debug|Any CPU
		{0A7C711F-B383-4351-84E9-3CB9B2835489}.Debug|Android.Build.0 = Debug|Any CPU
		{0A7C711F-B383-4351-84E9-3CB9B2835489}.Debug|Any CPU.ActiveCfg = Debug|Any CPU
		{0A7C711F-B383-4351-84E9-3CB9B2835489}.Debug|Any CPU.Build.0 = Debug|Any CPU
		{0A7C711F-B383-4351-84E9-3CB9B2835489}.Debug|iOS.ActiveCfg = Debug|Any CPU
		{0A7C711F-B383-4351-84E9-3CB9B2835489}.Debug|iOS.Build.0 = Debug|Any CPU
		{0A7C711F-B383-4351-84E9-3CB9B2835489}.Debug|Mixed Platforms.ActiveCfg = Debug|Any CPU
		{0A7C711F-B383-4351-84E9-3CB9B2835489}.Debug|Mixed Platforms.Build.0 = Debug|Any CPU
		{0A7C711F-B383-4351-84E9-3CB9B2835489}.Debug|Windows Phone (Universal).ActiveCfg = Debug|Any CPU
		{0A7C711F-B383-4351-84E9-3CB9B2835489}.Debug|Windows Phone (Universal).Build.0 = Debug|Any CPU
		{0A7C711F-B383-4351-84E9-3CB9B2835489}.Debug|Windows Phone 8.ActiveCfg = Debug|Any CPU
		{0A7C711F-B383-4351-84E9-3CB9B2835489}.Debug|Windows Phone 8.Build.0 = Debug|Any CPU
		{0A7C711F-B383-4351-84E9-3CB9B2835489}.Debug|Windows-AnyCPU.ActiveCfg = Debug|Any CPU
		{0A7C711F-B383-4351-84E9-3CB9B2835489}.Debug|Windows-AnyCPU.Build.0 = Debug|Any CPU
		{0A7C711F-B383-4351-84E9-3CB9B2835489}.Debug|Windows-ARM.ActiveCfg = Debug|Any CPU
		{0A7C711F-B383-4351-84E9-3CB9B2835489}.Debug|Windows-ARM.Build.0 = Debug|Any CPU
		{0A7C711F-B383-4351-84E9-3CB9B2835489}.Debug|Windows-x64.ActiveCfg = Debug|Any CPU
		{0A7C711F-B383-4351-84E9-3CB9B2835489}.Debug|Windows-x64.Build.0 = Debug|Any CPU
		{0A7C711F-B383-4351-84E9-3CB9B2835489}.Debug|Windows-x86.ActiveCfg = Debug|Any CPU
		{0A7C711F-B383-4351-84E9-3CB9B2835489}.Debug|Windows-x86.Build.0 = Debug|Any CPU
		{0A7C711F-B383-4351-84E9-3CB9B2835489}.Debug|x86.ActiveCfg = Debug|Any CPU
		{0A7C711F-B383-4351-84E9-3CB9B2835489}.Debug|x86.Build.0 = Debug|Any CPU
		{0A7C711F-B383-4351-84E9-3CB9B2835489}.Distribution|Android.ActiveCfg = Debug|Any CPU
		{0A7C711F-B383-4351-84E9-3CB9B2835489}.Distribution|Android.Build.0 = Debug|Any CPU
		{0A7C711F-B383-4351-84E9-3CB9B2835489}.Distribution|Any CPU.ActiveCfg = Debug|Any CPU
		{0A7C711F-B383-4351-84E9-3CB9B2835489}.Distribution|Any CPU.Build.0 = Debug|Any CPU
		{0A7C711F-B383-4351-84E9-3CB9B2835489}.Distribution|iOS.ActiveCfg = Debug|Any CPU
		{0A7C711F-B383-4351-84E9-3CB9B2835489}.Distribution|iOS.Build.0 = Debug|Any CPU
		{0A7C711F-B383-4351-84E9-3CB9B2835489}.Distribution|Mixed Platforms.ActiveCfg = Debug|Any CPU
		{0A7C711F-B383-4351-84E9-3CB9B2835489}.Distribution|Mixed Platforms.Build.0 = Debug|Any CPU
		{0A7C711F-B383-4351-84E9-3CB9B2835489}.Distribution|Windows Phone (Universal).ActiveCfg = Debug|Any CPU
		{0A7C711F-B383-4351-84E9-3CB9B2835489}.Distribution|Windows Phone (Universal).Build.0 = Debug|Any CPU
		{0A7C711F-B383-4351-84E9-3CB9B2835489}.Distribution|Windows Phone 8.ActiveCfg = Debug|Any CPU
		{0A7C711F-B383-4351-84E9-3CB9B2835489}.Distribution|Windows Phone 8.Build.0 = Debug|Any CPU
		{0A7C711F-B383-4351-84E9-3CB9B2835489}.Distribution|Windows-AnyCPU.ActiveCfg = Debug|Any CPU
		{0A7C711F-B383-4351-84E9-3CB9B2835489}.Distribution|Windows-AnyCPU.Build.0 = Debug|Any CPU
		{0A7C711F-B383-4351-84E9-3CB9B2835489}.Distribution|Windows-ARM.ActiveCfg = Debug|Any CPU
		{0A7C711F-B383-4351-84E9-3CB9B2835489}.Distribution|Windows-ARM.Build.0 = Debug|Any CPU
		{0A7C711F-B383-4351-84E9-3CB9B2835489}.Distribution|Windows-x64.ActiveCfg = Debug|Any CPU
		{0A7C711F-B383-4351-84E9-3CB9B2835489}.Distribution|Windows-x64.Build.0 = Debug|Any CPU
		{0A7C711F-B383-4351-84E9-3CB9B2835489}.Distribution|Windows-x86.ActiveCfg = Debug|Any CPU
		{0A7C711F-B383-4351-84E9-3CB9B2835489}.Distribution|Windows-x86.Build.0 = Debug|Any CPU
		{0A7C711F-B383-4351-84E9-3CB9B2835489}.Distribution|x86.ActiveCfg = Debug|Any CPU
		{0A7C711F-B383-4351-84E9-3CB9B2835489}.Distribution|x86.Build.0 = Debug|Any CPU
		{0A7C711F-B383-4351-84E9-3CB9B2835489}.Release|Android.ActiveCfg = Release|Any CPU
		{0A7C711F-B383-4351-84E9-3CB9B2835489}.Release|Android.Build.0 = Release|Any CPU
		{0A7C711F-B383-4351-84E9-3CB9B2835489}.Release|Any CPU.ActiveCfg = Release|Any CPU
		{0A7C711F-B383-4351-84E9-3CB9B2835489}.Release|Any CPU.Build.0 = Release|Any CPU
		{0A7C711F-B383-4351-84E9-3CB9B2835489}.Release|iOS.ActiveCfg = Release|Any CPU
		{0A7C711F-B383-4351-84E9-3CB9B2835489}.Release|iOS.Build.0 = Release|Any CPU
		{0A7C711F-B383-4351-84E9-3CB9B2835489}.Release|Mixed Platforms.ActiveCfg = Release|Any CPU
		{0A7C711F-B383-4351-84E9-3CB9B2835489}.Release|Mixed Platforms.Build.0 = Release|Any CPU
		{0A7C711F-B383-4351-84E9-3CB9B2835489}.Release|Windows Phone (Universal).ActiveCfg = Release|Any CPU
		{0A7C711F-B383-4351-84E9-3CB9B2835489}.Release|Windows Phone (Universal).Build.0 = Release|Any CPU
		{0A7C711F-B383-4351-84E9-3CB9B2835489}.Release|Windows Phone 8.ActiveCfg = Release|Any CPU
		{0A7C711F-B383-4351-84E9-3CB9B2835489}.Release|Windows Phone 8.Build.0 = Release|Any CPU
		{0A7C711F-B383-4351-84E9-3CB9B2835489}.Release|Windows-AnyCPU.ActiveCfg = Release|Any CPU
		{0A7C711F-B383-4351-84E9-3CB9B2835489}.Release|Windows-AnyCPU.Build.0 = Release|Any CPU
		{0A7C711F-B383-4351-84E9-3CB9B2835489}.Release|Windows-ARM.ActiveCfg = Release|Any CPU
		{0A7C711F-B383-4351-84E9-3CB9B2835489}.Release|Windows-ARM.Build.0 = Release|Any CPU
		{0A7C711F-B383-4351-84E9-3CB9B2835489}.Release|Windows-x64.ActiveCfg = Release|Any CPU
		{0A7C711F-B383-4351-84E9-3CB9B2835489}.Release|Windows-x64.Build.0 = Release|Any CPU
		{0A7C711F-B383-4351-84E9-3CB9B2835489}.Release|Windows-x86.ActiveCfg = Release|Any CPU
		{0A7C711F-B383-4351-84E9-3CB9B2835489}.Release|Windows-x86.Build.0 = Release|Any CPU
		{0A7C711F-B383-4351-84E9-3CB9B2835489}.Release|x86.ActiveCfg = Release|Any CPU
		{0A7C711F-B383-4351-84E9-3CB9B2835489}.Release|x86.Build.0 = Release|Any CPU
		{39475F0A-296B-42F0-ACA2-52C9E9605BF7}.Debug|Android.ActiveCfg = Debug|Any CPU
		{39475F0A-296B-42F0-ACA2-52C9E9605BF7}.Debug|Android.Build.0 = Debug|Any CPU
		{39475F0A-296B-42F0-ACA2-52C9E9605BF7}.Debug|Any CPU.ActiveCfg = Debug|Any CPU
		{39475F0A-296B-42F0-ACA2-52C9E9605BF7}.Debug|Any CPU.Build.0 = Debug|Any CPU
		{39475F0A-296B-42F0-ACA2-52C9E9605BF7}.Debug|iOS.ActiveCfg = Debug|Any CPU
		{39475F0A-296B-42F0-ACA2-52C9E9605BF7}.Debug|iOS.Build.0 = Debug|Any CPU
		{39475F0A-296B-42F0-ACA2-52C9E9605BF7}.Debug|Mixed Platforms.ActiveCfg = Debug|Any CPU
		{39475F0A-296B-42F0-ACA2-52C9E9605BF7}.Debug|Mixed Platforms.Build.0 = Debug|Any CPU
		{39475F0A-296B-42F0-ACA2-52C9E9605BF7}.Debug|Windows Phone (Universal).ActiveCfg = Debug|Any CPU
		{39475F0A-296B-42F0-ACA2-52C9E9605BF7}.Debug|Windows Phone (Universal).Build.0 = Debug|Any CPU
		{39475F0A-296B-42F0-ACA2-52C9E9605BF7}.Debug|Windows Phone 8.ActiveCfg = Debug|Any CPU
		{39475F0A-296B-42F0-ACA2-52C9E9605BF7}.Debug|Windows Phone 8.Build.0 = Debug|Any CPU
		{39475F0A-296B-42F0-ACA2-52C9E9605BF7}.Debug|Windows-AnyCPU.ActiveCfg = Debug|Any CPU
		{39475F0A-296B-42F0-ACA2-52C9E9605BF7}.Debug|Windows-AnyCPU.Build.0 = Debug|Any CPU
		{39475F0A-296B-42F0-ACA2-52C9E9605BF7}.Debug|Windows-ARM.ActiveCfg = Debug|Any CPU
		{39475F0A-296B-42F0-ACA2-52C9E9605BF7}.Debug|Windows-ARM.Build.0 = Debug|Any CPU
		{39475F0A-296B-42F0-ACA2-52C9E9605BF7}.Debug|Windows-x64.ActiveCfg = Debug|Any CPU
		{39475F0A-296B-42F0-ACA2-52C9E9605BF7}.Debug|Windows-x64.Build.0 = Debug|Any CPU
		{39475F0A-296B-42F0-ACA2-52C9E9605BF7}.Debug|Windows-x86.ActiveCfg = Debug|Any CPU
		{39475F0A-296B-42F0-ACA2-52C9E9605BF7}.Debug|Windows-x86.Build.0 = Debug|Any CPU
		{39475F0A-296B-42F0-ACA2-52C9E9605BF7}.Debug|x86.ActiveCfg = Debug|Any CPU
		{39475F0A-296B-42F0-ACA2-52C9E9605BF7}.Debug|x86.Build.0 = Debug|Any CPU
		{39475F0A-296B-42F0-ACA2-52C9E9605BF7}.Distribution|Android.ActiveCfg = Debug|Any CPU
		{39475F0A-296B-42F0-ACA2-52C9E9605BF7}.Distribution|Android.Build.0 = Debug|Any CPU
		{39475F0A-296B-42F0-ACA2-52C9E9605BF7}.Distribution|Any CPU.ActiveCfg = Debug|Any CPU
		{39475F0A-296B-42F0-ACA2-52C9E9605BF7}.Distribution|Any CPU.Build.0 = Debug|Any CPU
		{39475F0A-296B-42F0-ACA2-52C9E9605BF7}.Distribution|iOS.ActiveCfg = Debug|Any CPU
		{39475F0A-296B-42F0-ACA2-52C9E9605BF7}.Distribution|iOS.Build.0 = Debug|Any CPU
		{39475F0A-296B-42F0-ACA2-52C9E9605BF7}.Distribution|Mixed Platforms.ActiveCfg = Debug|Any CPU
		{39475F0A-296B-42F0-ACA2-52C9E9605BF7}.Distribution|Mixed Platforms.Build.0 = Debug|Any CPU
		{39475F0A-296B-42F0-ACA2-52C9E9605BF7}.Distribution|Windows Phone (Universal).ActiveCfg = Debug|Any CPU
		{39475F0A-296B-42F0-ACA2-52C9E9605BF7}.Distribution|Windows Phone (Universal).Build.0 = Debug|Any CPU
		{39475F0A-296B-42F0-ACA2-52C9E9605BF7}.Distribution|Windows Phone 8.ActiveCfg = Debug|Any CPU
		{39475F0A-296B-42F0-ACA2-52C9E9605BF7}.Distribution|Windows Phone 8.Build.0 = Debug|Any CPU
		{39475F0A-296B-42F0-ACA2-52C9E9605BF7}.Distribution|Windows-AnyCPU.ActiveCfg = Debug|Any CPU
		{39475F0A-296B-42F0-ACA2-52C9E9605BF7}.Distribution|Windows-AnyCPU.Build.0 = Debug|Any CPU
		{39475F0A-296B-42F0-ACA2-52C9E9605BF7}.Distribution|Windows-ARM.ActiveCfg = Debug|Any CPU
		{39475F0A-296B-42F0-ACA2-52C9E9605BF7}.Distribution|Windows-ARM.Build.0 = Debug|Any CPU
		{39475F0A-296B-42F0-ACA2-52C9E9605BF7}.Distribution|Windows-x64.ActiveCfg = Debug|Any CPU
		{39475F0A-296B-42F0-ACA2-52C9E9605BF7}.Distribution|Windows-x64.Build.0 = Debug|Any CPU
		{39475F0A-296B-42F0-ACA2-52C9E9605BF7}.Distribution|Windows-x86.ActiveCfg = Debug|Any CPU
		{39475F0A-296B-42F0-ACA2-52C9E9605BF7}.Distribution|Windows-x86.Build.0 = Debug|Any CPU
		{39475F0A-296B-42F0-ACA2-52C9E9605BF7}.Distribution|x86.ActiveCfg = Debug|Any CPU
		{39475F0A-296B-42F0-ACA2-52C9E9605BF7}.Distribution|x86.Build.0 = Debug|Any CPU
		{39475F0A-296B-42F0-ACA2-52C9E9605BF7}.Release|Android.ActiveCfg = Release|Any CPU
		{39475F0A-296B-42F0-ACA2-52C9E9605BF7}.Release|Android.Build.0 = Release|Any CPU
		{39475F0A-296B-42F0-ACA2-52C9E9605BF7}.Release|Any CPU.ActiveCfg = Release|Any CPU
		{39475F0A-296B-42F0-ACA2-52C9E9605BF7}.Release|Any CPU.Build.0 = Release|Any CPU
		{39475F0A-296B-42F0-ACA2-52C9E9605BF7}.Release|iOS.ActiveCfg = Release|Any CPU
		{39475F0A-296B-42F0-ACA2-52C9E9605BF7}.Release|iOS.Build.0 = Release|Any CPU
		{39475F0A-296B-42F0-ACA2-52C9E9605BF7}.Release|Mixed Platforms.ActiveCfg = Release|Any CPU
		{39475F0A-296B-42F0-ACA2-52C9E9605BF7}.Release|Mixed Platforms.Build.0 = Release|Any CPU
		{39475F0A-296B-42F0-ACA2-52C9E9605BF7}.Release|Windows Phone (Universal).ActiveCfg = Release|Any CPU
		{39475F0A-296B-42F0-ACA2-52C9E9605BF7}.Release|Windows Phone (Universal).Build.0 = Release|Any CPU
		{39475F0A-296B-42F0-ACA2-52C9E9605BF7}.Release|Windows Phone 8.ActiveCfg = Release|Any CPU
		{39475F0A-296B-42F0-ACA2-52C9E9605BF7}.Release|Windows Phone 8.Build.0 = Release|Any CPU
		{39475F0A-296B-42F0-ACA2-52C9E9605BF7}.Release|Windows-AnyCPU.ActiveCfg = Release|Any CPU
		{39475F0A-296B-42F0-ACA2-52C9E9605BF7}.Release|Windows-AnyCPU.Build.0 = Release|Any CPU
		{39475F0A-296B-42F0-ACA2-52C9E9605BF7}.Release|Windows-ARM.ActiveCfg = Release|Any CPU
		{39475F0A-296B-42F0-ACA2-52C9E9605BF7}.Release|Windows-ARM.Build.0 = Release|Any CPU
		{39475F0A-296B-42F0-ACA2-52C9E9605BF7}.Release|Windows-x64.ActiveCfg = Release|Any CPU
		{39475F0A-296B-42F0-ACA2-52C9E9605BF7}.Release|Windows-x64.Build.0 = Release|Any CPU
		{39475F0A-296B-42F0-ACA2-52C9E9605BF7}.Release|Windows-x86.ActiveCfg = Release|Any CPU
		{39475F0A-296B-42F0-ACA2-52C9E9605BF7}.Release|Windows-x86.Build.0 = Release|Any CPU
		{39475F0A-296B-42F0-ACA2-52C9E9605BF7}.Release|x86.ActiveCfg = Release|Any CPU
		{39475F0A-296B-42F0-ACA2-52C9E9605BF7}.Release|x86.Build.0 = Release|Any CPU
		{225BBE36-8E07-43F3-8CC2-46789122401F}.Debug|Android.ActiveCfg = Debug|Any CPU
		{225BBE36-8E07-43F3-8CC2-46789122401F}.Debug|Android.Build.0 = Debug|Any CPU
		{225BBE36-8E07-43F3-8CC2-46789122401F}.Debug|Any CPU.ActiveCfg = Debug|Any CPU
		{225BBE36-8E07-43F3-8CC2-46789122401F}.Debug|Any CPU.Build.0 = Debug|Any CPU
		{225BBE36-8E07-43F3-8CC2-46789122401F}.Debug|iOS.ActiveCfg = Debug|Any CPU
		{225BBE36-8E07-43F3-8CC2-46789122401F}.Debug|iOS.Build.0 = Debug|Any CPU
		{225BBE36-8E07-43F3-8CC2-46789122401F}.Debug|Mixed Platforms.ActiveCfg = Debug|Any CPU
		{225BBE36-8E07-43F3-8CC2-46789122401F}.Debug|Mixed Platforms.Build.0 = Debug|Any CPU
		{225BBE36-8E07-43F3-8CC2-46789122401F}.Debug|Windows Phone (Universal).ActiveCfg = Debug|Any CPU
		{225BBE36-8E07-43F3-8CC2-46789122401F}.Debug|Windows Phone (Universal).Build.0 = Debug|Any CPU
		{225BBE36-8E07-43F3-8CC2-46789122401F}.Debug|Windows Phone 8.ActiveCfg = Debug|Any CPU
		{225BBE36-8E07-43F3-8CC2-46789122401F}.Debug|Windows Phone 8.Build.0 = Debug|Any CPU
		{225BBE36-8E07-43F3-8CC2-46789122401F}.Debug|Windows-AnyCPU.ActiveCfg = Debug|Any CPU
		{225BBE36-8E07-43F3-8CC2-46789122401F}.Debug|Windows-AnyCPU.Build.0 = Debug|Any CPU
		{225BBE36-8E07-43F3-8CC2-46789122401F}.Debug|Windows-ARM.ActiveCfg = Debug|Any CPU
		{225BBE36-8E07-43F3-8CC2-46789122401F}.Debug|Windows-ARM.Build.0 = Debug|Any CPU
		{225BBE36-8E07-43F3-8CC2-46789122401F}.Debug|Windows-x64.ActiveCfg = Debug|Any CPU
		{225BBE36-8E07-43F3-8CC2-46789122401F}.Debug|Windows-x64.Build.0 = Debug|Any CPU
		{225BBE36-8E07-43F3-8CC2-46789122401F}.Debug|Windows-x86.ActiveCfg = Debug|Any CPU
		{225BBE36-8E07-43F3-8CC2-46789122401F}.Debug|Windows-x86.Build.0 = Debug|Any CPU
		{225BBE36-8E07-43F3-8CC2-46789122401F}.Debug|x86.ActiveCfg = Debug|Any CPU
		{225BBE36-8E07-43F3-8CC2-46789122401F}.Debug|x86.Build.0 = Debug|Any CPU
		{225BBE36-8E07-43F3-8CC2-46789122401F}.Distribution|Android.ActiveCfg = Debug|Any CPU
		{225BBE36-8E07-43F3-8CC2-46789122401F}.Distribution|Android.Build.0 = Debug|Any CPU
		{225BBE36-8E07-43F3-8CC2-46789122401F}.Distribution|Any CPU.ActiveCfg = Debug|Any CPU
		{225BBE36-8E07-43F3-8CC2-46789122401F}.Distribution|Any CPU.Build.0 = Debug|Any CPU
		{225BBE36-8E07-43F3-8CC2-46789122401F}.Distribution|iOS.ActiveCfg = Debug|Any CPU
		{225BBE36-8E07-43F3-8CC2-46789122401F}.Distribution|iOS.Build.0 = Debug|Any CPU
		{225BBE36-8E07-43F3-8CC2-46789122401F}.Distribution|Mixed Platforms.ActiveCfg = Debug|Any CPU
		{225BBE36-8E07-43F3-8CC2-46789122401F}.Distribution|Mixed Platforms.Build.0 = Debug|Any CPU
		{225BBE36-8E07-43F3-8CC2-46789122401F}.Distribution|Windows Phone (Universal).ActiveCfg = Debug|Any CPU
		{225BBE36-8E07-43F3-8CC2-46789122401F}.Distribution|Windows Phone (Universal).Build.0 = Debug|Any CPU
		{225BBE36-8E07-43F3-8CC2-46789122401F}.Distribution|Windows Phone 8.ActiveCfg = Debug|Any CPU
		{225BBE36-8E07-43F3-8CC2-46789122401F}.Distribution|Windows Phone 8.Build.0 = Debug|Any CPU
		{225BBE36-8E07-43F3-8CC2-46789122401F}.Distribution|Windows-AnyCPU.ActiveCfg = Debug|Any CPU
		{225BBE36-8E07-43F3-8CC2-46789122401F}.Distribution|Windows-AnyCPU.Build.0 = Debug|Any CPU
		{225BBE36-8E07-43F3-8CC2-46789122401F}.Distribution|Windows-ARM.ActiveCfg = Debug|Any CPU
		{225BBE36-8E07-43F3-8CC2-46789122401F}.Distribution|Windows-ARM.Build.0 = Debug|Any CPU
		{225BBE36-8E07-43F3-8CC2-46789122401F}.Distribution|Windows-x64.ActiveCfg = Debug|Any CPU
		{225BBE36-8E07-43F3-8CC2-46789122401F}.Distribution|Windows-x64.Build.0 = Debug|Any CPU
		{225BBE36-8E07-43F3-8CC2-46789122401F}.Distribution|Windows-x86.ActiveCfg = Debug|Any CPU
		{225BBE36-8E07-43F3-8CC2-46789122401F}.Distribution|Windows-x86.Build.0 = Debug|Any CPU
		{225BBE36-8E07-43F3-8CC2-46789122401F}.Distribution|x86.ActiveCfg = Debug|Any CPU
		{225BBE36-8E07-43F3-8CC2-46789122401F}.Distribution|x86.Build.0 = Debug|Any CPU
		{225BBE36-8E07-43F3-8CC2-46789122401F}.Release|Android.ActiveCfg = Release|Any CPU
		{225BBE36-8E07-43F3-8CC2-46789122401F}.Release|Android.Build.0 = Release|Any CPU
		{225BBE36-8E07-43F3-8CC2-46789122401F}.Release|Any CPU.ActiveCfg = Release|Any CPU
		{225BBE36-8E07-43F3-8CC2-46789122401F}.Release|Any CPU.Build.0 = Release|Any CPU
		{225BBE36-8E07-43F3-8CC2-46789122401F}.Release|iOS.ActiveCfg = Release|Any CPU
		{225BBE36-8E07-43F3-8CC2-46789122401F}.Release|iOS.Build.0 = Release|Any CPU
		{225BBE36-8E07-43F3-8CC2-46789122401F}.Release|Mixed Platforms.ActiveCfg = Release|Any CPU
		{225BBE36-8E07-43F3-8CC2-46789122401F}.Release|Mixed Platforms.Build.0 = Release|Any CPU
		{225BBE36-8E07-43F3-8CC2-46789122401F}.Release|Windows Phone (Universal).ActiveCfg = Release|Any CPU
		{225BBE36-8E07-43F3-8CC2-46789122401F}.Release|Windows Phone (Universal).Build.0 = Release|Any CPU
		{225BBE36-8E07-43F3-8CC2-46789122401F}.Release|Windows Phone 8.ActiveCfg = Release|Any CPU
		{225BBE36-8E07-43F3-8CC2-46789122401F}.Release|Windows Phone 8.Build.0 = Release|Any CPU
		{225BBE36-8E07-43F3-8CC2-46789122401F}.Release|Windows-AnyCPU.ActiveCfg = Release|Any CPU
		{225BBE36-8E07-43F3-8CC2-46789122401F}.Release|Windows-AnyCPU.Build.0 = Release|Any CPU
		{225BBE36-8E07-43F3-8CC2-46789122401F}.Release|Windows-ARM.ActiveCfg = Release|Any CPU
		{225BBE36-8E07-43F3-8CC2-46789122401F}.Release|Windows-ARM.Build.0 = Release|Any CPU
		{225BBE36-8E07-43F3-8CC2-46789122401F}.Release|Windows-x64.ActiveCfg = Release|Any CPU
		{225BBE36-8E07-43F3-8CC2-46789122401F}.Release|Windows-x64.Build.0 = Release|Any CPU
		{225BBE36-8E07-43F3-8CC2-46789122401F}.Release|Windows-x86.ActiveCfg = Release|Any CPU
		{225BBE36-8E07-43F3-8CC2-46789122401F}.Release|Windows-x86.Build.0 = Release|Any CPU
		{225BBE36-8E07-43F3-8CC2-46789122401F}.Release|x86.ActiveCfg = Release|Any CPU
		{225BBE36-8E07-43F3-8CC2-46789122401F}.Release|x86.Build.0 = Release|Any CPU
		{EA018B5C-45AE-46D3-8B05-B689B927CAB3}.Debug|Android.ActiveCfg = Debug|Any CPU
		{EA018B5C-45AE-46D3-8B05-B689B927CAB3}.Debug|Android.Build.0 = Debug|Any CPU
		{EA018B5C-45AE-46D3-8B05-B689B927CAB3}.Debug|Any CPU.ActiveCfg = Debug|Any CPU
		{EA018B5C-45AE-46D3-8B05-B689B927CAB3}.Debug|Any CPU.Build.0 = Debug|Any CPU
		{EA018B5C-45AE-46D3-8B05-B689B927CAB3}.Debug|iOS.ActiveCfg = Debug|Any CPU
		{EA018B5C-45AE-46D3-8B05-B689B927CAB3}.Debug|iOS.Build.0 = Debug|Any CPU
		{EA018B5C-45AE-46D3-8B05-B689B927CAB3}.Debug|Mixed Platforms.ActiveCfg = Debug|Any CPU
		{EA018B5C-45AE-46D3-8B05-B689B927CAB3}.Debug|Mixed Platforms.Build.0 = Debug|Any CPU
		{EA018B5C-45AE-46D3-8B05-B689B927CAB3}.Debug|Windows Phone (Universal).ActiveCfg = Debug|Any CPU
		{EA018B5C-45AE-46D3-8B05-B689B927CAB3}.Debug|Windows Phone (Universal).Build.0 = Debug|Any CPU
		{EA018B5C-45AE-46D3-8B05-B689B927CAB3}.Debug|Windows Phone 8.ActiveCfg = Debug|Any CPU
		{EA018B5C-45AE-46D3-8B05-B689B927CAB3}.Debug|Windows Phone 8.Build.0 = Debug|Any CPU
		{EA018B5C-45AE-46D3-8B05-B689B927CAB3}.Debug|Windows-AnyCPU.ActiveCfg = Debug|Any CPU
		{EA018B5C-45AE-46D3-8B05-B689B927CAB3}.Debug|Windows-AnyCPU.Build.0 = Debug|Any CPU
		{EA018B5C-45AE-46D3-8B05-B689B927CAB3}.Debug|Windows-ARM.ActiveCfg = Debug|Any CPU
		{EA018B5C-45AE-46D3-8B05-B689B927CAB3}.Debug|Windows-ARM.Build.0 = Debug|Any CPU
		{EA018B5C-45AE-46D3-8B05-B689B927CAB3}.Debug|Windows-x64.ActiveCfg = Debug|Any CPU
		{EA018B5C-45AE-46D3-8B05-B689B927CAB3}.Debug|Windows-x64.Build.0 = Debug|Any CPU
		{EA018B5C-45AE-46D3-8B05-B689B927CAB3}.Debug|Windows-x86.ActiveCfg = Debug|Any CPU
		{EA018B5C-45AE-46D3-8B05-B689B927CAB3}.Debug|Windows-x86.Build.0 = Debug|Any CPU
		{EA018B5C-45AE-46D3-8B05-B689B927CAB3}.Debug|x86.ActiveCfg = Debug|Any CPU
		{EA018B5C-45AE-46D3-8B05-B689B927CAB3}.Debug|x86.Build.0 = Debug|Any CPU
		{EA018B5C-45AE-46D3-8B05-B689B927CAB3}.Distribution|Android.ActiveCfg = Debug|Any CPU
		{EA018B5C-45AE-46D3-8B05-B689B927CAB3}.Distribution|Android.Build.0 = Debug|Any CPU
		{EA018B5C-45AE-46D3-8B05-B689B927CAB3}.Distribution|Any CPU.ActiveCfg = Debug|Any CPU
		{EA018B5C-45AE-46D3-8B05-B689B927CAB3}.Distribution|Any CPU.Build.0 = Debug|Any CPU
		{EA018B5C-45AE-46D3-8B05-B689B927CAB3}.Distribution|iOS.ActiveCfg = Debug|Any CPU
		{EA018B5C-45AE-46D3-8B05-B689B927CAB3}.Distribution|iOS.Build.0 = Debug|Any CPU
		{EA018B5C-45AE-46D3-8B05-B689B927CAB3}.Distribution|Mixed Platforms.ActiveCfg = Debug|Any CPU
		{EA018B5C-45AE-46D3-8B05-B689B927CAB3}.Distribution|Mixed Platforms.Build.0 = Debug|Any CPU
		{EA018B5C-45AE-46D3-8B05-B689B927CAB3}.Distribution|Windows Phone (Universal).ActiveCfg = Debug|Any CPU
		{EA018B5C-45AE-46D3-8B05-B689B927CAB3}.Distribution|Windows Phone (Universal).Build.0 = Debug|Any CPU
		{EA018B5C-45AE-46D3-8B05-B689B927CAB3}.Distribution|Windows Phone 8.ActiveCfg = Debug|Any CPU
		{EA018B5C-45AE-46D3-8B05-B689B927CAB3}.Distribution|Windows Phone 8.Build.0 = Debug|Any CPU
		{EA018B5C-45AE-46D3-8B05-B689B927CAB3}.Distribution|Windows-AnyCPU.ActiveCfg = Debug|Any CPU
		{EA018B5C-45AE-46D3-8B05-B689B927CAB3}.Distribution|Windows-AnyCPU.Build.0 = Debug|Any CPU
		{EA018B5C-45AE-46D3-8B05-B689B927CAB3}.Distribution|Windows-ARM.ActiveCfg = Debug|Any CPU
		{EA018B5C-45AE-46D3-8B05-B689B927CAB3}.Distribution|Windows-ARM.Build.0 = Debug|Any CPU
		{EA018B5C-45AE-46D3-8B05-B689B927CAB3}.Distribution|Windows-x64.ActiveCfg = Debug|Any CPU
		{EA018B5C-45AE-46D3-8B05-B689B927CAB3}.Distribution|Windows-x64.Build.0 = Debug|Any CPU
		{EA018B5C-45AE-46D3-8B05-B689B927CAB3}.Distribution|Windows-x86.ActiveCfg = Debug|Any CPU
		{EA018B5C-45AE-46D3-8B05-B689B927CAB3}.Distribution|Windows-x86.Build.0 = Debug|Any CPU
		{EA018B5C-45AE-46D3-8B05-B689B927CAB3}.Distribution|x86.ActiveCfg = Debug|Any CPU
		{EA018B5C-45AE-46D3-8B05-B689B927CAB3}.Distribution|x86.Build.0 = Debug|Any CPU
		{EA018B5C-45AE-46D3-8B05-B689B927CAB3}.Release|Android.ActiveCfg = Release|Any CPU
		{EA018B5C-45AE-46D3-8B05-B689B927CAB3}.Release|Android.Build.0 = Release|Any CPU
		{EA018B5C-45AE-46D3-8B05-B689B927CAB3}.Release|Any CPU.ActiveCfg = Release|Any CPU
		{EA018B5C-45AE-46D3-8B05-B689B927CAB3}.Release|Any CPU.Build.0 = Release|Any CPU
		{EA018B5C-45AE-46D3-8B05-B689B927CAB3}.Release|iOS.ActiveCfg = Release|Any CPU
		{EA018B5C-45AE-46D3-8B05-B689B927CAB3}.Release|iOS.Build.0 = Release|Any CPU
		{EA018B5C-45AE-46D3-8B05-B689B927CAB3}.Release|Mixed Platforms.ActiveCfg = Release|Any CPU
		{EA018B5C-45AE-46D3-8B05-B689B927CAB3}.Release|Mixed Platforms.Build.0 = Release|Any CPU
		{EA018B5C-45AE-46D3-8B05-B689B927CAB3}.Release|Windows Phone (Universal).ActiveCfg = Release|Any CPU
		{EA018B5C-45AE-46D3-8B05-B689B927CAB3}.Release|Windows Phone (Universal).Build.0 = Release|Any CPU
		{EA018B5C-45AE-46D3-8B05-B689B927CAB3}.Release|Windows Phone 8.ActiveCfg = Release|Any CPU
		{EA018B5C-45AE-46D3-8B05-B689B927CAB3}.Release|Windows Phone 8.Build.0 = Release|Any CPU
		{EA018B5C-45AE-46D3-8B05-B689B927CAB3}.Release|Windows-AnyCPU.ActiveCfg = Release|Any CPU
		{EA018B5C-45AE-46D3-8B05-B689B927CAB3}.Release|Windows-AnyCPU.Build.0 = Release|Any CPU
		{EA018B5C-45AE-46D3-8B05-B689B927CAB3}.Release|Windows-ARM.ActiveCfg = Release|Any CPU
		{EA018B5C-45AE-46D3-8B05-B689B927CAB3}.Release|Windows-ARM.Build.0 = Release|Any CPU
		{EA018B5C-45AE-46D3-8B05-B689B927CAB3}.Release|Windows-x64.ActiveCfg = Release|Any CPU
		{EA018B5C-45AE-46D3-8B05-B689B927CAB3}.Release|Windows-x64.Build.0 = Release|Any CPU
		{EA018B5C-45AE-46D3-8B05-B689B927CAB3}.Release|Windows-x86.ActiveCfg = Release|Any CPU
		{EA018B5C-45AE-46D3-8B05-B689B927CAB3}.Release|Windows-x86.Build.0 = Release|Any CPU
		{EA018B5C-45AE-46D3-8B05-B689B927CAB3}.Release|x86.ActiveCfg = Release|Any CPU
		{EA018B5C-45AE-46D3-8B05-B689B927CAB3}.Release|x86.Build.0 = Release|Any CPU
	EndGlobalSection
	GlobalSection(SolutionProperties) = preSolution
		HideSolutionNode = FALSE
	EndGlobalSection
	GlobalSection(TeamFoundationVersionControl) = preSolution
		SccNumberOfProjects = 12
		SccEnterpriseProvider = {4CA58AB2-18FA-4F8D-95D4-32DDF27D184C}
		SccTeamFoundationServer = https://shiftreports.visualstudio.com/defaultcollection
		SccLocalPath0 = .
		SccProjectUniqueName1 = ShiftreportLib\\ShiftreportLib.csproj
		SccProjectName1 = ShiftreportLib
		SccLocalPath1 = ShiftreportLib
		SccProjectUniqueName2 = ShiftreportsAPI_prod\\ShiftReportApi.csproj
		SccProjectName2 = ShiftreportsAPI_prod
		SccLocalPath2 = ShiftreportsAPI_prod
		SccProjectUniqueName3 = SRYelpAPI\\SRYelpAPI.csproj
		SccProjectName3 = SRYelpAPI
		SccLocalPath3 = SRYelpAPI
		SccWebProject4 = true
		SccProjectUniqueName4 = Business
		SccProjectName4 = Business
		SccLocalPath4 = Business
		SccProjectEnlistmentChoice4 = 2
		SccProjectUniqueName5 = Campain_emails\\Campain_emails.csproj
		SccProjectName5 = Campain_emails
		SccLocalPath5 = Campain_emails
		SccProjectUniqueName6 = DwollaLib\\DwollaLib.csproj
		SccProjectName6 = DwollaLib
		SccLocalPath6 = DwollaLib
		SccProjectUniqueName7 = Emailnotification\\Emailnotification.csproj
		SccProjectName7 = Emailnotification
		SccLocalPath7 = Emailnotification
		SccProjectUniqueName8 = ShiftreportsEmpolees\\ShiftreportsEmpolees.csproj
		SccProjectName8 = ShiftreportsEmpolees
		SccLocalPath8 = ShiftreportsEmpolees
		SccProjectUniqueName9 = ShiftreportsS3Storage\\ShiftreportsS3Storage.csproj
		SccProjectName9 = ShiftreportsS3Storage
		SccLocalPath9 = ShiftreportsS3Storage
		SccProjectUniqueName10 = ShiftreportTools\\ShiftreportTools.csproj
		SccProjectName10 = ShiftreportTools
		SccLocalPath10 = ShiftreportTools
		SccProjectUniqueName11 = ..\\VenuCashBE\\VenuCashBE.csproj
		SccProjectName11 = ../VenuCashBE
		SccLocalPath11 = ..\\VenuCashBE
	EndGlobalSection
EndGlobal
